// !$*UTF8*$!
{
	archiveVersion = 1;
	classes = {
	};
	objectVersion = 51;
	objects = {

/* Begin PBXBuildFile section */
		0DBDF49924538B7000B5DC26 /* FlowInput.storyboard in Resources */ = {isa = PBXBuildFile; fileRef = 0DBDF49824538B7000B5DC26 /* FlowInput.storyboard */; };
		0DBDF49B24538C4800B5DC26 /* FlowInputViewController.swift in Sources */ = {isa = PBXBuildFile; fileRef = 0DBDF49A24538C4800B5DC26 /* FlowInputViewController.swift */; };
		0DBDF49D2453A2EB00B5DC26 /* FlowShortContent.storyboard in Resources */ = {isa = PBXBuildFile; fileRef = 0DBDF49C2453A2EB00B5DC26 /* FlowShortContent.storyboard */; };
		0DBDF49F2453A34D00B5DC26 /* FlowShortContentViewController.swift in Sources */ = {isa = PBXBuildFile; fileRef = 0DBDF49E2453A34D00B5DC26 /* FlowShortContentViewController.swift */; };
		0DBDF4A12453A8DA00B5DC26 /* FlowExtensiveContent.storyboard in Resources */ = {isa = PBXBuildFile; fileRef = 0DBDF4A02453A8DA00B5DC26 /* FlowExtensiveContent.storyboard */; };
		0DBDF4A32453A8FA00B5DC26 /* FlowExtensiveContentViewController.swift in Sources */ = {isa = PBXBuildFile; fileRef = 0DBDF4A22453A8FA00B5DC26 /* FlowExtensiveContentViewController.swift */; };
		0DBDF4A52453E4FB00B5DC26 /* FlowFinal.storyboard in Resources */ = {isa = PBXBuildFile; fileRef = 0DBDF4A42453E4FB00B5DC26 /* FlowFinal.storyboard */; };
		0DBDF4A72453E50E00B5DC26 /* FlowFinalViewController.swift in Sources */ = {isa = PBXBuildFile; fileRef = 0DBDF4A62453E50E00B5DC26 /* FlowFinalViewController.swift */; };
		0DCFA28B2450A9B3001C9A12 /* FlowInitial.storyboard in Resources */ = {isa = PBXBuildFile; fileRef = 0DCFA28A2450A9B3001C9A12 /* FlowInitial.storyboard */; };
		0DCFA28D2450AA4C001C9A12 /* FlowInitialViewController.swift in Sources */ = {isa = PBXBuildFile; fileRef = 0DCFA28C2450AA4C001C9A12 /* FlowInitialViewController.swift */; };
		1514500C2459F530001183D4 /* Room.swift in Sources */ = {isa = PBXBuildFile; fileRef = 1514500B2459F530001183D4 /* Room.swift */; };
		1514500F2459F643001183D4 /* RoomResponse.swift in Sources */ = {isa = PBXBuildFile; fileRef = 1514500E2459F643001183D4 /* RoomResponse.swift */; };
		1526225B2469BDB700CF7F7D /* ProtFlow.swift in Sources */ = {isa = PBXBuildFile; fileRef = 1526225A2469BDB700CF7F7D /* ProtFlow.swift */; };
		1533510B245B76CF00DAC11B /* GoogleService-Info.plist in Resources */ = {isa = PBXBuildFile; fileRef = 1533510A245B76CE00DAC11B /* GoogleService-Info.plist */; };
		1548431A245736CF00D5E408 /* EtapasViewController.swift in Sources */ = {isa = PBXBuildFile; fileRef = 15484319245736CF00D5E408 /* EtapasViewController.swift */; };
		155C65E8245115F2000969CD /* UILabel+Accessibility.swift in Sources */ = {isa = PBXBuildFile; fileRef = 155C65E7245115F2000969CD /* UILabel+Accessibility.swift */; };
		155C660024511720000969CD /* SF-Pro-Display-Black.otf in Resources */ = {isa = PBXBuildFile; fileRef = 155C65EE24511720000969CD /* SF-Pro-Display-Black.otf */; };
		155C660124511720000969CD /* SF-Pro-Display-MediumItalic.otf in Resources */ = {isa = PBXBuildFile; fileRef = 155C65EF24511720000969CD /* SF-Pro-Display-MediumItalic.otf */; };
		155C660224511720000969CD /* SF-Pro-Display-SemiboldItalic.otf in Resources */ = {isa = PBXBuildFile; fileRef = 155C65F024511720000969CD /* SF-Pro-Display-SemiboldItalic.otf */; };
		155C660324511720000969CD /* SF-Pro-Display-Medium.otf in Resources */ = {isa = PBXBuildFile; fileRef = 155C65F124511720000969CD /* SF-Pro-Display-Medium.otf */; };
		155C660424511720000969CD /* SF-Pro-Display-Light.otf in Resources */ = {isa = PBXBuildFile; fileRef = 155C65F224511720000969CD /* SF-Pro-Display-Light.otf */; };
		155C660524511720000969CD /* SF-Pro-Display-Semibold.otf in Resources */ = {isa = PBXBuildFile; fileRef = 155C65F324511720000969CD /* SF-Pro-Display-Semibold.otf */; };
		155C660624511720000969CD /* SF-Pro-Display-Bold.otf in Resources */ = {isa = PBXBuildFile; fileRef = 155C65F424511720000969CD /* SF-Pro-Display-Bold.otf */; };
		155C660724511720000969CD /* SF-Pro-Display-Heavy.otf in Resources */ = {isa = PBXBuildFile; fileRef = 155C65F524511720000969CD /* SF-Pro-Display-Heavy.otf */; };
		155C660824511720000969CD /* SF-Pro-Display-Ultralight.otf in Resources */ = {isa = PBXBuildFile; fileRef = 155C65F624511720000969CD /* SF-Pro-Display-Ultralight.otf */; };
		155C660924511720000969CD /* SF-Pro-Display-LightItalic.otf in Resources */ = {isa = PBXBuildFile; fileRef = 155C65F724511720000969CD /* SF-Pro-Display-LightItalic.otf */; };
		155C660A24511720000969CD /* SF-Pro-Display-HeavyItalic.otf in Resources */ = {isa = PBXBuildFile; fileRef = 155C65F824511720000969CD /* SF-Pro-Display-HeavyItalic.otf */; };
		155C660B24511720000969CD /* SF-Pro-Display-BoldItalic.otf in Resources */ = {isa = PBXBuildFile; fileRef = 155C65F924511720000969CD /* SF-Pro-Display-BoldItalic.otf */; };
		155C660C24511720000969CD /* SF-Pro-Display-BlackItalic.otf in Resources */ = {isa = PBXBuildFile; fileRef = 155C65FA24511720000969CD /* SF-Pro-Display-BlackItalic.otf */; };
		155C660D24511720000969CD /* SF-Pro-Display-UltralightItalic.otf in Resources */ = {isa = PBXBuildFile; fileRef = 155C65FB24511720000969CD /* SF-Pro-Display-UltralightItalic.otf */; };
		155C660E24511720000969CD /* SF-Pro-Display-RegularItalic.otf in Resources */ = {isa = PBXBuildFile; fileRef = 155C65FC24511720000969CD /* SF-Pro-Display-RegularItalic.otf */; };
		155C660F24511720000969CD /* SF-Pro-Display-Regular.otf in Resources */ = {isa = PBXBuildFile; fileRef = 155C65FD24511720000969CD /* SF-Pro-Display-Regular.otf */; };
		155C661024511720000969CD /* SF-Pro-Display-Thin.otf in Resources */ = {isa = PBXBuildFile; fileRef = 155C65FE24511720000969CD /* SF-Pro-Display-Thin.otf */; };
		155C661124511720000969CD /* SF-Pro-Display-ThinItalic.otf in Resources */ = {isa = PBXBuildFile; fileRef = 155C65FF24511720000969CD /* SF-Pro-Display-ThinItalic.otf */; };
		155C661324512383000969CD /* AboutViewController.swift in Sources */ = {isa = PBXBuildFile; fileRef = 155C661224512383000969CD /* AboutViewController.swift */; };
		156577BE244E078900102570 /* OnboardingViewController.swift in Sources */ = {isa = PBXBuildFile; fileRef = 156577BD244E078900102570 /* OnboardingViewController.swift */; };
		15A48B002453509D00870B04 /* NavigationControllerVC.swift in Sources */ = {isa = PBXBuildFile; fileRef = 15A48AFF2453509D00870B04 /* NavigationControllerVC.swift */; };
		15A48B022453606100870B04 /* Etapas.storyboard in Resources */ = {isa = PBXBuildFile; fileRef = 15A48B012453606100870B04 /* Etapas.storyboard */; };
		15A48B05245388C100870B04 /* TituloEtapaViewCell.xib in Resources */ = {isa = PBXBuildFile; fileRef = 15A48B04245388C100870B04 /* TituloEtapaViewCell.xib */; };
		15A48B07245388FD00870B04 /* TituloEtapaViewCell.swift in Sources */ = {isa = PBXBuildFile; fileRef = 15A48B06245388FD00870B04 /* TituloEtapaViewCell.swift */; };
		2A45D47124575F7E00503C13 /* RoomTableViewCell.swift in Sources */ = {isa = PBXBuildFile; fileRef = 2A45D46F24575F7E00503C13 /* RoomTableViewCell.swift */; };
		2A45D47224575F7E00503C13 /* RoomTableViewCell.xib in Resources */ = {isa = PBXBuildFile; fileRef = 2A45D47024575F7E00503C13 /* RoomTableViewCell.xib */; };
		2A5685CB2450C10E00ECAC23 /* Area.storyboard in Resources */ = {isa = PBXBuildFile; fileRef = 2A5685CA2450C10E00ECAC23 /* Area.storyboard */; };
		2A5685CF2451095800ECAC23 /* ProtocolTableViewCell.swift in Sources */ = {isa = PBXBuildFile; fileRef = 2A5685CD2451095800ECAC23 /* ProtocolTableViewCell.swift */; };
		2A5685D02451095800ECAC23 /* ProtocolTableViewCell.xib in Resources */ = {isa = PBXBuildFile; fileRef = 2A5685CE2451095800ECAC23 /* ProtocolTableViewCell.xib */; };
		2A5685D22451E4B300ECAC23 /* AreaViewController.swift in Sources */ = {isa = PBXBuildFile; fileRef = 2A5685D12451E4B300ECAC23 /* AreaViewController.swift */; };
		2A5CF431244A254D00E98022 /* AppDelegate.swift in Sources */ = {isa = PBXBuildFile; fileRef = 2A5CF430244A254D00E98022 /* AppDelegate.swift */; };
		2A5CF433244A254D00E98022 /* SceneDelegate.swift in Sources */ = {isa = PBXBuildFile; fileRef = 2A5CF432244A254D00E98022 /* SceneDelegate.swift */; };
		2A5CF435244A254D00E98022 /* MainViewController.swift in Sources */ = {isa = PBXBuildFile; fileRef = 2A5CF434244A254D00E98022 /* MainViewController.swift */; };
		2A5CF438244A254D00E98022 /* Main.storyboard in Resources */ = {isa = PBXBuildFile; fileRef = 2A5CF436244A254D00E98022 /* Main.storyboard */; };
		2A5CF43B244A254D00E98022 /* AppUser.xcdatamodeld in Sources */ = {isa = PBXBuildFile; fileRef = 2A5CF439244A254D00E98022 /* AppUser.xcdatamodeld */; };
		2A5CF43D244A254F00E98022 /* Assets.xcassets in Resources */ = {isa = PBXBuildFile; fileRef = 2A5CF43C244A254F00E98022 /* Assets.xcassets */; };
		2A5CF440244A254F00E98022 /* LaunchScreen.storyboard in Resources */ = {isa = PBXBuildFile; fileRef = 2A5CF43E244A254F00E98022 /* LaunchScreen.storyboard */; };
		2AAA6FC52459E15F00B246CC /* SearchViewHeader.swift in Sources */ = {isa = PBXBuildFile; fileRef = 2AAA6FC42459E15F00B246CC /* SearchViewHeader.swift */; };
		2AAA6FC72459E36E00B246CC /* SearchView.xib in Resources */ = {isa = PBXBuildFile; fileRef = 2AAA6FC62459E36E00B246CC /* SearchView.xib */; };
		2AAA6FCA2459EA1800B246CC /* InitialView.xib in Resources */ = {isa = PBXBuildFile; fileRef = 2AAA6FC92459EA1800B246CC /* InitialView.xib */; };
		2AAA6FCC2459EA2B00B246CC /* InitialViewHeader.swift in Sources */ = {isa = PBXBuildFile; fileRef = 2AAA6FCB2459EA2B00B246CC /* InitialViewHeader.swift */; };
		2AAE67FC244DFB6C00129E50 /* Areas.storyboard in Resources */ = {isa = PBXBuildFile; fileRef = 2AAE67FB244DFB6C00129E50 /* Areas.storyboard */; };
		2AAE67FE244DFE4F00129E50 /* AreasTableViewController.swift in Sources */ = {isa = PBXBuildFile; fileRef = 2AAE67FD244DFE4F00129E50 /* AreasTableViewController.swift */; };
		2AAE6803244E1FE600129E50 /* AreaTableViewCell.swift in Sources */ = {isa = PBXBuildFile; fileRef = 2AAE6801244E1FE600129E50 /* AreaTableViewCell.swift */; };
		2AAE6804244E1FE600129E50 /* AreaTableViewCell.xib in Resources */ = {isa = PBXBuildFile; fileRef = 2AAE6802244E1FE600129E50 /* AreaTableViewCell.xib */; };
		CC629DB108D1EA97929E8C15 /* Pods_AppUser.framework in Frameworks */ = {isa = PBXBuildFile; fileRef = 5AAB7E3E70F71EE1813B9DF8 /* Pods_AppUser.framework */; };
/* End PBXBuildFile section */

/* Begin PBXFileReference section */
		0DBDF49824538B7000B5DC26 /* FlowInput.storyboard */ = {isa = PBXFileReference; lastKnownFileType = file.storyboard; path = FlowInput.storyboard; sourceTree = "<group>"; };
		0DBDF49A24538C4800B5DC26 /* FlowInputViewController.swift */ = {isa = PBXFileReference; lastKnownFileType = sourcecode.swift; path = FlowInputViewController.swift; sourceTree = "<group>"; };
		0DBDF49C2453A2EB00B5DC26 /* FlowShortContent.storyboard */ = {isa = PBXFileReference; lastKnownFileType = file.storyboard; path = FlowShortContent.storyboard; sourceTree = "<group>"; };
		0DBDF49E2453A34D00B5DC26 /* FlowShortContentViewController.swift */ = {isa = PBXFileReference; lastKnownFileType = sourcecode.swift; path = FlowShortContentViewController.swift; sourceTree = "<group>"; };
		0DBDF4A02453A8DA00B5DC26 /* FlowExtensiveContent.storyboard */ = {isa = PBXFileReference; lastKnownFileType = file.storyboard; path = FlowExtensiveContent.storyboard; sourceTree = "<group>"; };
		0DBDF4A22453A8FA00B5DC26 /* FlowExtensiveContentViewController.swift */ = {isa = PBXFileReference; lastKnownFileType = sourcecode.swift; path = FlowExtensiveContentViewController.swift; sourceTree = "<group>"; };
		0DBDF4A42453E4FB00B5DC26 /* FlowFinal.storyboard */ = {isa = PBXFileReference; lastKnownFileType = file.storyboard; path = FlowFinal.storyboard; sourceTree = "<group>"; };
		0DBDF4A62453E50E00B5DC26 /* FlowFinalViewController.swift */ = {isa = PBXFileReference; lastKnownFileType = sourcecode.swift; path = FlowFinalViewController.swift; sourceTree = "<group>"; };
		0DCFA28A2450A9B3001C9A12 /* FlowInitial.storyboard */ = {isa = PBXFileReference; lastKnownFileType = file.storyboard; path = FlowInitial.storyboard; sourceTree = "<group>"; };
		0DCFA28C2450AA4C001C9A12 /* FlowInitialViewController.swift */ = {isa = PBXFileReference; lastKnownFileType = sourcecode.swift; path = FlowInitialViewController.swift; sourceTree = "<group>"; };
		1514500B2459F530001183D4 /* Room.swift */ = {isa = PBXFileReference; lastKnownFileType = sourcecode.swift; path = Room.swift; sourceTree = "<group>"; };
		1514500E2459F643001183D4 /* RoomResponse.swift */ = {isa = PBXFileReference; lastKnownFileType = sourcecode.swift; path = RoomResponse.swift; sourceTree = "<group>"; };
		1526225A2469BDB700CF7F7D /* ProtFlow.swift */ = {isa = PBXFileReference; lastKnownFileType = sourcecode.swift; path = ProtFlow.swift; sourceTree = "<group>"; };
		1533510A245B76CE00DAC11B /* GoogleService-Info.plist */ = {isa = PBXFileReference; fileEncoding = 4; lastKnownFileType = text.plist.xml; path = "GoogleService-Info.plist"; sourceTree = "<group>"; };
		15484319245736CF00D5E408 /* EtapasViewController.swift */ = {isa = PBXFileReference; lastKnownFileType = sourcecode.swift; path = EtapasViewController.swift; sourceTree = "<group>"; };
		155C65E7245115F2000969CD /* UILabel+Accessibility.swift */ = {isa = PBXFileReference; lastKnownFileType = sourcecode.swift; path = "UILabel+Accessibility.swift"; sourceTree = "<group>"; };
		155C65EE24511720000969CD /* SF-Pro-Display-Black.otf */ = {isa = PBXFileReference; lastKnownFileType = file; path = "SF-Pro-Display-Black.otf"; sourceTree = "<group>"; };
		155C65EF24511720000969CD /* SF-Pro-Display-MediumItalic.otf */ = {isa = PBXFileReference; lastKnownFileType = file; path = "SF-Pro-Display-MediumItalic.otf"; sourceTree = "<group>"; };
		155C65F024511720000969CD /* SF-Pro-Display-SemiboldItalic.otf */ = {isa = PBXFileReference; lastKnownFileType = file; path = "SF-Pro-Display-SemiboldItalic.otf"; sourceTree = "<group>"; };
		155C65F124511720000969CD /* SF-Pro-Display-Medium.otf */ = {isa = PBXFileReference; lastKnownFileType = file; path = "SF-Pro-Display-Medium.otf"; sourceTree = "<group>"; };
		155C65F224511720000969CD /* SF-Pro-Display-Light.otf */ = {isa = PBXFileReference; lastKnownFileType = file; path = "SF-Pro-Display-Light.otf"; sourceTree = "<group>"; };
		155C65F324511720000969CD /* SF-Pro-Display-Semibold.otf */ = {isa = PBXFileReference; lastKnownFileType = file; path = "SF-Pro-Display-Semibold.otf"; sourceTree = "<group>"; };
		155C65F424511720000969CD /* SF-Pro-Display-Bold.otf */ = {isa = PBXFileReference; lastKnownFileType = file; path = "SF-Pro-Display-Bold.otf"; sourceTree = "<group>"; };
		155C65F524511720000969CD /* SF-Pro-Display-Heavy.otf */ = {isa = PBXFileReference; lastKnownFileType = file; path = "SF-Pro-Display-Heavy.otf"; sourceTree = "<group>"; };
		155C65F624511720000969CD /* SF-Pro-Display-Ultralight.otf */ = {isa = PBXFileReference; lastKnownFileType = file; path = "SF-Pro-Display-Ultralight.otf"; sourceTree = "<group>"; };
		155C65F724511720000969CD /* SF-Pro-Display-LightItalic.otf */ = {isa = PBXFileReference; lastKnownFileType = file; path = "SF-Pro-Display-LightItalic.otf"; sourceTree = "<group>"; };
		155C65F824511720000969CD /* SF-Pro-Display-HeavyItalic.otf */ = {isa = PBXFileReference; lastKnownFileType = file; path = "SF-Pro-Display-HeavyItalic.otf"; sourceTree = "<group>"; };
		155C65F924511720000969CD /* SF-Pro-Display-BoldItalic.otf */ = {isa = PBXFileReference; lastKnownFileType = file; path = "SF-Pro-Display-BoldItalic.otf"; sourceTree = "<group>"; };
		155C65FA24511720000969CD /* SF-Pro-Display-BlackItalic.otf */ = {isa = PBXFileReference; lastKnownFileType = file; path = "SF-Pro-Display-BlackItalic.otf"; sourceTree = "<group>"; };
		155C65FB24511720000969CD /* SF-Pro-Display-UltralightItalic.otf */ = {isa = PBXFileReference; lastKnownFileType = file; path = "SF-Pro-Display-UltralightItalic.otf"; sourceTree = "<group>"; };
		155C65FC24511720000969CD /* SF-Pro-Display-RegularItalic.otf */ = {isa = PBXFileReference; lastKnownFileType = file; path = "SF-Pro-Display-RegularItalic.otf"; sourceTree = "<group>"; };
		155C65FD24511720000969CD /* SF-Pro-Display-Regular.otf */ = {isa = PBXFileReference; lastKnownFileType = file; path = "SF-Pro-Display-Regular.otf"; sourceTree = "<group>"; };
		155C65FE24511720000969CD /* SF-Pro-Display-Thin.otf */ = {isa = PBXFileReference; lastKnownFileType = file; path = "SF-Pro-Display-Thin.otf"; sourceTree = "<group>"; };
		155C65FF24511720000969CD /* SF-Pro-Display-ThinItalic.otf */ = {isa = PBXFileReference; lastKnownFileType = file; path = "SF-Pro-Display-ThinItalic.otf"; sourceTree = "<group>"; };
		155C661224512383000969CD /* AboutViewController.swift */ = {isa = PBXFileReference; lastKnownFileType = sourcecode.swift; path = AboutViewController.swift; sourceTree = "<group>"; };
		156577BD244E078900102570 /* OnboardingViewController.swift */ = {isa = PBXFileReference; lastKnownFileType = sourcecode.swift; path = OnboardingViewController.swift; sourceTree = "<group>"; };
		15A48AFF2453509D00870B04 /* NavigationControllerVC.swift */ = {isa = PBXFileReference; lastKnownFileType = sourcecode.swift; path = NavigationControllerVC.swift; sourceTree = "<group>"; };
		15A48B012453606100870B04 /* Etapas.storyboard */ = {isa = PBXFileReference; lastKnownFileType = file.storyboard; path = Etapas.storyboard; sourceTree = "<group>"; };
		15A48B04245388C100870B04 /* TituloEtapaViewCell.xib */ = {isa = PBXFileReference; lastKnownFileType = file.xib; path = TituloEtapaViewCell.xib; sourceTree = "<group>"; };
		15A48B06245388FD00870B04 /* TituloEtapaViewCell.swift */ = {isa = PBXFileReference; lastKnownFileType = sourcecode.swift; path = TituloEtapaViewCell.swift; sourceTree = "<group>"; };
		2A45D46F24575F7E00503C13 /* RoomTableViewCell.swift */ = {isa = PBXFileReference; lastKnownFileType = sourcecode.swift; path = RoomTableViewCell.swift; sourceTree = "<group>"; };
		2A45D47024575F7E00503C13 /* RoomTableViewCell.xib */ = {isa = PBXFileReference; lastKnownFileType = file.xib; path = RoomTableViewCell.xib; sourceTree = "<group>"; };
		2A5685CA2450C10E00ECAC23 /* Area.storyboard */ = {isa = PBXFileReference; lastKnownFileType = file.storyboard; path = Area.storyboard; sourceTree = "<group>"; };
		2A5685CD2451095800ECAC23 /* ProtocolTableViewCell.swift */ = {isa = PBXFileReference; lastKnownFileType = sourcecode.swift; path = ProtocolTableViewCell.swift; sourceTree = "<group>"; };
		2A5685CE2451095800ECAC23 /* ProtocolTableViewCell.xib */ = {isa = PBXFileReference; lastKnownFileType = file.xib; path = ProtocolTableViewCell.xib; sourceTree = "<group>"; };
		2A5685D12451E4B300ECAC23 /* AreaViewController.swift */ = {isa = PBXFileReference; lastKnownFileType = sourcecode.swift; path = AreaViewController.swift; sourceTree = "<group>"; };
		2A5CF42D244A254D00E98022 /* AppUser.app */ = {isa = PBXFileReference; explicitFileType = wrapper.application; includeInIndex = 0; path = AppUser.app; sourceTree = BUILT_PRODUCTS_DIR; };
		2A5CF430244A254D00E98022 /* AppDelegate.swift */ = {isa = PBXFileReference; lastKnownFileType = sourcecode.swift; path = AppDelegate.swift; sourceTree = "<group>"; };
		2A5CF432244A254D00E98022 /* SceneDelegate.swift */ = {isa = PBXFileReference; lastKnownFileType = sourcecode.swift; path = SceneDelegate.swift; sourceTree = "<group>"; };
		2A5CF434244A254D00E98022 /* MainViewController.swift */ = {isa = PBXFileReference; lastKnownFileType = sourcecode.swift; path = MainViewController.swift; sourceTree = "<group>"; };
		2A5CF437244A254D00E98022 /* Base */ = {isa = PBXFileReference; lastKnownFileType = file.storyboard; name = Base; path = Base.lproj/Main.storyboard; sourceTree = "<group>"; };
		2A5CF43A244A254D00E98022 /* AppUser.xcdatamodel */ = {isa = PBXFileReference; lastKnownFileType = wrapper.xcdatamodel; path = AppUser.xcdatamodel; sourceTree = "<group>"; };
		2A5CF43C244A254F00E98022 /* Assets.xcassets */ = {isa = PBXFileReference; lastKnownFileType = folder.assetcatalog; path = Assets.xcassets; sourceTree = "<group>"; };
		2A5CF43F244A254F00E98022 /* Base */ = {isa = PBXFileReference; lastKnownFileType = file.storyboard; name = Base; path = Base.lproj/LaunchScreen.storyboard; sourceTree = "<group>"; };
		2A5CF441244A254F00E98022 /* Info.plist */ = {isa = PBXFileReference; lastKnownFileType = text.plist.xml; path = Info.plist; sourceTree = "<group>"; };
		2AAA6FC42459E15F00B246CC /* SearchViewHeader.swift */ = {isa = PBXFileReference; lastKnownFileType = sourcecode.swift; path = SearchViewHeader.swift; sourceTree = "<group>"; };
		2AAA6FC62459E36E00B246CC /* SearchView.xib */ = {isa = PBXFileReference; fileEncoding = 4; lastKnownFileType = file.xib; path = SearchView.xib; sourceTree = "<group>"; };
		2AAA6FC92459EA1800B246CC /* InitialView.xib */ = {isa = PBXFileReference; lastKnownFileType = file.xib; path = InitialView.xib; sourceTree = "<group>"; };
		2AAA6FCB2459EA2B00B246CC /* InitialViewHeader.swift */ = {isa = PBXFileReference; lastKnownFileType = sourcecode.swift; path = InitialViewHeader.swift; sourceTree = "<group>"; };
		2AAE67FB244DFB6C00129E50 /* Areas.storyboard */ = {isa = PBXFileReference; lastKnownFileType = file.storyboard; path = Areas.storyboard; sourceTree = "<group>"; };
		2AAE67FD244DFE4F00129E50 /* AreasTableViewController.swift */ = {isa = PBXFileReference; lastKnownFileType = sourcecode.swift; path = AreasTableViewController.swift; sourceTree = "<group>"; };
		2AAE6801244E1FE600129E50 /* AreaTableViewCell.swift */ = {isa = PBXFileReference; fileEncoding = 4; lastKnownFileType = sourcecode.swift; path = AreaTableViewCell.swift; sourceTree = "<group>"; };
		2AAE6802244E1FE600129E50 /* AreaTableViewCell.xib */ = {isa = PBXFileReference; fileEncoding = 4; lastKnownFileType = file.xib; path = AreaTableViewCell.xib; sourceTree = "<group>"; };
		5AAB7E3E70F71EE1813B9DF8 /* Pods_AppUser.framework */ = {isa = PBXFileReference; explicitFileType = wrapper.framework; includeInIndex = 0; path = Pods_AppUser.framework; sourceTree = BUILT_PRODUCTS_DIR; };
		78E03B117F0464EE93C0D6AC /* Pods-AppUser.debug.xcconfig */ = {isa = PBXFileReference; includeInIndex = 1; lastKnownFileType = text.xcconfig; name = "Pods-AppUser.debug.xcconfig"; path = "Target Support Files/Pods-AppUser/Pods-AppUser.debug.xcconfig"; sourceTree = "<group>"; };
		DAFE7FC23E469819D346C009 /* Pods-AppUser.release.xcconfig */ = {isa = PBXFileReference; includeInIndex = 1; lastKnownFileType = text.xcconfig; name = "Pods-AppUser.release.xcconfig"; path = "Target Support Files/Pods-AppUser/Pods-AppUser.release.xcconfig"; sourceTree = "<group>"; };
/* End PBXFileReference section */

/* Begin PBXFrameworksBuildPhase section */
		2A5CF42A244A254D00E98022 /* Frameworks */ = {
			isa = PBXFrameworksBuildPhase;
			buildActionMask = 2147483647;
			files = (
				CC629DB108D1EA97929E8C15 /* Pods_AppUser.framework in Frameworks */,
			);
			runOnlyForDeploymentPostprocessing = 0;
		};
/* End PBXFrameworksBuildPhase section */

/* Begin PBXGroup section */
		1514500D2459F62B001183D4 /* Network */ = {
			isa = PBXGroup;
			children = (
				1514500E2459F643001183D4 /* RoomResponse.swift */,
			);
			path = Network;
			sourceTree = "<group>";
		};
		15335108245B409900DAC11B /* Controllers */ = {
			isa = PBXGroup;
			children = (
				2A5CF434244A254D00E98022 /* MainViewController.swift */,
				156577BD244E078900102570 /* OnboardingViewController.swift */,
				2AAE67FD244DFE4F00129E50 /* AreasTableViewController.swift */,
				2A5685D12451E4B300ECAC23 /* AreaViewController.swift */,
				0DCFA28C2450AA4C001C9A12 /* FlowInitialViewController.swift */,
				0DBDF4A62453E50E00B5DC26 /* FlowFinalViewController.swift */,
				0DBDF4A22453A8FA00B5DC26 /* FlowExtensiveContentViewController.swift */,
				0DBDF49E2453A34D00B5DC26 /* FlowShortContentViewController.swift */,
				0DBDF49A24538C4800B5DC26 /* FlowInputViewController.swift */,
				15484319245736CF00D5E408 /* EtapasViewController.swift */,
				15A48AFF2453509D00870B04 /* NavigationControllerVC.swift */,
				155C661224512383000969CD /* AboutViewController.swift */,
			);
			path = Controllers;
			sourceTree = "<group>";
		};
		15335109245B40DA00DAC11B /* Views */ = {
			isa = PBXGroup;
			children = (
				2A5CF43E244A254F00E98022 /* LaunchScreen.storyboard */,
				2A5685CA2450C10E00ECAC23 /* Area.storyboard */,
				2AAE67FB244DFB6C00129E50 /* Areas.storyboard */,
				15A48B012453606100870B04 /* Etapas.storyboard */,
				0DBDF49824538B7000B5DC26 /* FlowInput.storyboard */,
				0DCFA28A2450A9B3001C9A12 /* FlowInitial.storyboard */,
				0DBDF4A02453A8DA00B5DC26 /* FlowExtensiveContent.storyboard */,
				0DBDF4A42453E4FB00B5DC26 /* FlowFinal.storyboard */,
				0DBDF49C2453A2EB00B5DC26 /* FlowShortContent.storyboard */,
				2A5CF436244A254D00E98022 /* Main.storyboard */,
			);
			path = Views;
			sourceTree = "<group>";
		};
		155C65E6245115D9000969CD /* Extensions */ = {
			isa = PBXGroup;
			children = (
				155C65E7245115F2000969CD /* UILabel+Accessibility.swift */,
			);
			path = Extensions;
			sourceTree = "<group>";
		};
		155C65ED24511707000969CD /* SF-Font */ = {
			isa = PBXGroup;
			children = (
				155C65EE24511720000969CD /* SF-Pro-Display-Black.otf */,
				155C65FA24511720000969CD /* SF-Pro-Display-BlackItalic.otf */,
				155C65F424511720000969CD /* SF-Pro-Display-Bold.otf */,
				155C65F924511720000969CD /* SF-Pro-Display-BoldItalic.otf */,
				155C65F524511720000969CD /* SF-Pro-Display-Heavy.otf */,
				155C65F824511720000969CD /* SF-Pro-Display-HeavyItalic.otf */,
				155C65F224511720000969CD /* SF-Pro-Display-Light.otf */,
				155C65F724511720000969CD /* SF-Pro-Display-LightItalic.otf */,
				155C65F124511720000969CD /* SF-Pro-Display-Medium.otf */,
				155C65EF24511720000969CD /* SF-Pro-Display-MediumItalic.otf */,
				155C65FD24511720000969CD /* SF-Pro-Display-Regular.otf */,
				155C65FC24511720000969CD /* SF-Pro-Display-RegularItalic.otf */,
				155C65F324511720000969CD /* SF-Pro-Display-Semibold.otf */,
				155C65F024511720000969CD /* SF-Pro-Display-SemiboldItalic.otf */,
				155C65FE24511720000969CD /* SF-Pro-Display-Thin.otf */,
				155C65FF24511720000969CD /* SF-Pro-Display-ThinItalic.otf */,
				155C65F624511720000969CD /* SF-Pro-Display-Ultralight.otf */,
				155C65FB24511720000969CD /* SF-Pro-Display-UltralightItalic.otf */,
			);
			path = "SF-Font";
			sourceTree = "<group>";
		};
		15A48B032453882600870B04 /* TituloEtapaCell */ = {
			isa = PBXGroup;
			children = (
				15A48B04245388C100870B04 /* TituloEtapaViewCell.xib */,
				15A48B06245388FD00870B04 /* TituloEtapaViewCell.swift */,
			);
			path = TituloEtapaCell;
			sourceTree = "<group>";
		};
		2A45D46E24575EFF00503C13 /* RoomCell */ = {
			isa = PBXGroup;
			children = (
				2A45D46F24575F7E00503C13 /* RoomTableViewCell.swift */,
				2A45D47024575F7E00503C13 /* RoomTableViewCell.xib */,
			);
			path = RoomCell;
			sourceTree = "<group>";
		};
		2A5685CC2450CE0C00ECAC23 /* ProtocolCell */ = {
			isa = PBXGroup;
			children = (
				2A5685CD2451095800ECAC23 /* ProtocolTableViewCell.swift */,
				2A5685CE2451095800ECAC23 /* ProtocolTableViewCell.xib */,
			);
			path = ProtocolCell;
			sourceTree = "<group>";
		};
		2A5CF424244A254D00E98022 = {
			isa = PBXGroup;
			children = (
				2A5CF42F244A254D00E98022 /* AppUser */,
				2A5CF42E244A254D00E98022 /* Products */,
				FD170EEBCCEBEF5696DC63D1 /* Pods */,
				AA27DD78356CEEE2C0D84D11 /* Frameworks */,
			);
			sourceTree = "<group>";
		};
		2A5CF42E244A254D00E98022 /* Products */ = {
			isa = PBXGroup;
			children = (
				2A5CF42D244A254D00E98022 /* AppUser.app */,
			);
			name = Products;
			sourceTree = "<group>";
		};
		2A5CF42F244A254D00E98022 /* AppUser */ = {
			isa = PBXGroup;
			children = (
				15335109245B40DA00DAC11B /* Views */,
				15335108245B409900DAC11B /* Controllers */,
				155C65ED24511707000969CD /* SF-Font */,
				155C65E6245115D9000969CD /* Extensions */,
				2AAE67FF244E1FE600129E50 /* Models */,
				2A5CF430244A254D00E98022 /* AppDelegate.swift */,
				2A5CF432244A254D00E98022 /* SceneDelegate.swift */,
				2A5CF43C244A254F00E98022 /* Assets.xcassets */,
				1533510A245B76CE00DAC11B /* GoogleService-Info.plist */,
				2A5CF441244A254F00E98022 /* Info.plist */,
				2A5CF439244A254D00E98022 /* AppUser.xcdatamodeld */,
			);
			path = AppUser;
			sourceTree = "<group>";
		};
		2AAA6FC12459CA6D00B246CC /* SearchView */ = {
			isa = PBXGroup;
			children = (
				2AAA6FC62459E36E00B246CC /* SearchView.xib */,
				2AAA6FC42459E15F00B246CC /* SearchViewHeader.swift */,
			);
			path = SearchView;
			sourceTree = "<group>";
		};
		2AAA6FC82459E9F900B246CC /* InitialSection */ = {
			isa = PBXGroup;
			children = (
				2AAA6FC92459EA1800B246CC /* InitialView.xib */,
				2AAA6FCB2459EA2B00B246CC /* InitialViewHeader.swift */,
			);
			path = InitialSection;
			sourceTree = "<group>";
		};
		2AAE67FF244E1FE600129E50 /* Models */ = {
			isa = PBXGroup;
			children = (
				2AAA6FC82459E9F900B246CC /* InitialSection */,
				2AAA6FC12459CA6D00B246CC /* SearchView */,
				2A45D46E24575EFF00503C13 /* RoomCell */,
				1514500D2459F62B001183D4 /* Network */,
				15A48B032453882600870B04 /* TituloEtapaCell */,
				2AAE6800244E1FE600129E50 /* AreaCell */,
				2A5685CC2450CE0C00ECAC23 /* ProtocolCell */,
				1514500B2459F530001183D4 /* Room.swift */,
				1526225A2469BDB700CF7F7D /* ProtFlow.swift */,
			);
			path = Models;
			sourceTree = "<group>";
		};
		2AAE6800244E1FE600129E50 /* AreaCell */ = {
			isa = PBXGroup;
			children = (
				2AAE6801244E1FE600129E50 /* AreaTableViewCell.swift */,
				2AAE6802244E1FE600129E50 /* AreaTableViewCell.xib */,
			);
			path = AreaCell;
			sourceTree = "<group>";
		};
		AA27DD78356CEEE2C0D84D11 /* Frameworks */ = {
			isa = PBXGroup;
			children = (
				5AAB7E3E70F71EE1813B9DF8 /* Pods_AppUser.framework */,
			);
			name = Frameworks;
			sourceTree = "<group>";
		};
		FD170EEBCCEBEF5696DC63D1 /* Pods */ = {
			isa = PBXGroup;
			children = (
				78E03B117F0464EE93C0D6AC /* Pods-AppUser.debug.xcconfig */,
				DAFE7FC23E469819D346C009 /* Pods-AppUser.release.xcconfig */,
			);
			path = Pods;
			sourceTree = "<group>";
		};
/* End PBXGroup section */

/* Begin PBXNativeTarget section */
		2A5CF42C244A254D00E98022 /* AppUser */ = {
			isa = PBXNativeTarget;
			buildConfigurationList = 2A5CF444244A254F00E98022 /* Build configuration list for PBXNativeTarget "AppUser" */;
			buildPhases = (
				B3064EBB9FC29F15FA16CB72 /* [CP] Check Pods Manifest.lock */,
				2A5CF429244A254D00E98022 /* Sources */,
				2A5CF42A244A254D00E98022 /* Frameworks */,
				2A5CF42B244A254D00E98022 /* Resources */,
				CD52A718984CD0D486F3ED17 /* [CP] Embed Pods Frameworks */,
			);
			buildRules = (
			);
			dependencies = (
			);
			name = AppUser;
			productName = AppUser;
			productReference = 2A5CF42D244A254D00E98022 /* AppUser.app */;
			productType = "com.apple.product-type.application";
		};
/* End PBXNativeTarget section */

/* Begin PBXProject section */
		2A5CF425244A254D00E98022 /* Project object */ = {
			isa = PBXProject;
			attributes = {
				LastSwiftUpdateCheck = 1140;
				LastUpgradeCheck = 1140;
				ORGANIZATIONNAME = "Gabriel Ferreira";
				TargetAttributes = {
					2A5CF42C244A254D00E98022 = {
						CreatedOnToolsVersion = 11.4;
					};
				};
			};
			buildConfigurationList = 2A5CF428244A254D00E98022 /* Build configuration list for PBXProject "AppUser" */;
			compatibilityVersion = "Xcode 9.3";
			developmentRegion = en;
			hasScannedForEncodings = 0;
			knownRegions = (
				en,
				Base,
			);
			mainGroup = 2A5CF424244A254D00E98022;
			productRefGroup = 2A5CF42E244A254D00E98022 /* Products */;
			projectDirPath = "";
			projectRoot = "";
			targets = (
				2A5CF42C244A254D00E98022 /* AppUser */,
			);
		};
/* End PBXProject section */

/* Begin PBXResourcesBuildPhase section */
		2A5CF42B244A254D00E98022 /* Resources */ = {
			isa = PBXResourcesBuildPhase;
			buildActionMask = 2147483647;
			files = (
				155C660324511720000969CD /* SF-Pro-Display-Medium.otf in Resources */,
				155C660C24511720000969CD /* SF-Pro-Display-BlackItalic.otf in Resources */,
				155C660224511720000969CD /* SF-Pro-Display-SemiboldItalic.otf in Resources */,
				155C660D24511720000969CD /* SF-Pro-Display-UltralightItalic.otf in Resources */,
				15A48B05245388C100870B04 /* TituloEtapaViewCell.xib in Resources */,
				155C660B24511720000969CD /* SF-Pro-Display-BoldItalic.otf in Resources */,
				2AAA6FC72459E36E00B246CC /* SearchView.xib in Resources */,
				155C660524511720000969CD /* SF-Pro-Display-Semibold.otf in Resources */,
				2A5CF440244A254F00E98022 /* LaunchScreen.storyboard in Resources */,
				155C660A24511720000969CD /* SF-Pro-Display-HeavyItalic.otf in Resources */,
				0DBDF4A52453E4FB00B5DC26 /* FlowFinal.storyboard in Resources */,
				0DCFA28B2450A9B3001C9A12 /* FlowInitial.storyboard in Resources */,
				0DBDF4A12453A8DA00B5DC26 /* FlowExtensiveContent.storyboard in Resources */,
				2A5CF43D244A254F00E98022 /* Assets.xcassets in Resources */,
				155C660424511720000969CD /* SF-Pro-Display-Light.otf in Resources */,
				155C660924511720000969CD /* SF-Pro-Display-LightItalic.otf in Resources */,
				155C660024511720000969CD /* SF-Pro-Display-Black.otf in Resources */,
				2A5CF438244A254D00E98022 /* Main.storyboard in Resources */,
				0DBDF49D2453A2EB00B5DC26 /* FlowShortContent.storyboard in Resources */,
				0DBDF49924538B7000B5DC26 /* FlowInput.storyboard in Resources */,
				2AAE6804244E1FE600129E50 /* AreaTableViewCell.xib in Resources */,
				2A45D47224575F7E00503C13 /* RoomTableViewCell.xib in Resources */,
				2A5685D02451095800ECAC23 /* ProtocolTableViewCell.xib in Resources */,
				2AAE67FC244DFB6C00129E50 /* Areas.storyboard in Resources */,
				2A5685CB2450C10E00ECAC23 /* Area.storyboard in Resources */,
				155C660124511720000969CD /* SF-Pro-Display-MediumItalic.otf in Resources */,
				15A48B022453606100870B04 /* Etapas.storyboard in Resources */,
				155C661024511720000969CD /* SF-Pro-Display-Thin.otf in Resources */,
				155C660624511720000969CD /* SF-Pro-Display-Bold.otf in Resources */,
				1533510B245B76CF00DAC11B /* GoogleService-Info.plist in Resources */,
				155C660724511720000969CD /* SF-Pro-Display-Heavy.otf in Resources */,
				155C660E24511720000969CD /* SF-Pro-Display-RegularItalic.otf in Resources */,
				155C660F24511720000969CD /* SF-Pro-Display-Regular.otf in Resources */,
				2AAA6FCA2459EA1800B246CC /* InitialView.xib in Resources */,
				155C661124511720000969CD /* SF-Pro-Display-ThinItalic.otf in Resources */,
				155C660824511720000969CD /* SF-Pro-Display-Ultralight.otf in Resources */,
			);
			runOnlyForDeploymentPostprocessing = 0;
		};
/* End PBXResourcesBuildPhase section */

/* Begin PBXShellScriptBuildPhase section */
		B3064EBB9FC29F15FA16CB72 /* [CP] Check Pods Manifest.lock */ = {
			isa = PBXShellScriptBuildPhase;
			buildActionMask = 2147483647;
			files = (
			);
			inputFileListPaths = (
			);
			inputPaths = (
				"${PODS_PODFILE_DIR_PATH}/Podfile.lock",
				"${PODS_ROOT}/Manifest.lock",
			);
			name = "[CP] Check Pods Manifest.lock";
			outputFileListPaths = (
			);
			outputPaths = (
				"$(DERIVED_FILE_DIR)/Pods-AppUser-checkManifestLockResult.txt",
			);
			runOnlyForDeploymentPostprocessing = 0;
			shellPath = /bin/sh;
			shellScript = "diff \"${PODS_PODFILE_DIR_PATH}/Podfile.lock\" \"${PODS_ROOT}/Manifest.lock\" > /dev/null\nif [ $? != 0 ] ; then\n    # print error to STDERR\n    echo \"error: The sandbox is not in sync with the Podfile.lock. Run 'pod install' or update your CocoaPods installation.\" >&2\n    exit 1\nfi\n# This output is used by Xcode 'outputs' to avoid re-running this script phase.\necho \"SUCCESS\" > \"${SCRIPT_OUTPUT_FILE_0}\"\n";
			showEnvVarsInLog = 0;
		};
		CD52A718984CD0D486F3ED17 /* [CP] Embed Pods Frameworks */ = {
			isa = PBXShellScriptBuildPhase;
			buildActionMask = 2147483647;
			files = (
			);
			inputFileListPaths = (
				"${PODS_ROOT}/Target Support Files/Pods-AppUser/Pods-AppUser-frameworks-${CONFIGURATION}-input-files.xcfilelist",
			);
			name = "[CP] Embed Pods Frameworks";
			outputFileListPaths = (
				"${PODS_ROOT}/Target Support Files/Pods-AppUser/Pods-AppUser-frameworks-${CONFIGURATION}-output-files.xcfilelist",
			);
			runOnlyForDeploymentPostprocessing = 0;
			shellPath = /bin/sh;
			shellScript = "\"${PODS_ROOT}/Target Support Files/Pods-AppUser/Pods-AppUser-frameworks.sh\"\n";
			showEnvVarsInLog = 0;
		};
/* End PBXShellScriptBuildPhase section */

/* Begin PBXSourcesBuildPhase section */
		2A5CF429244A254D00E98022 /* Sources */ = {
			isa = PBXSourcesBuildPhase;
			buildActionMask = 2147483647;
			files = (
				2AAA6FCC2459EA2B00B246CC /* InitialViewHeader.swift in Sources */,
				1526225B2469BDB700CF7F7D /* ProtFlow.swift in Sources */,
				2AAA6FC52459E15F00B246CC /* SearchViewHeader.swift in Sources */,
				15A48B002453509D00870B04 /* NavigationControllerVC.swift in Sources */,
				0DCFA28D2450AA4C001C9A12 /* FlowInitialViewController.swift in Sources */,
				0DBDF49F2453A34D00B5DC26 /* FlowShortContentViewController.swift in Sources */,
				2A5CF43B244A254D00E98022 /* AppUser.xcdatamodeld in Sources */,
				2A5CF435244A254D00E98022 /* MainViewController.swift in Sources */,
				0DBDF4A72453E50E00B5DC26 /* FlowFinalViewController.swift in Sources */,
				1548431A245736CF00D5E408 /* EtapasViewController.swift in Sources */,
				15A48B07245388FD00870B04 /* TituloEtapaViewCell.swift in Sources */,
				2A5CF435244A254D00E98022 /* MainViewController.swift in Sources */,
				156577BE244E078900102570 /* OnboardingViewController.swift in Sources */,
				155C661324512383000969CD /* AboutViewController.swift in Sources */,
				2A5685CF2451095800ECAC23 /* ProtocolTableViewCell.swift in Sources */,
				2A5CF431244A254D00E98022 /* AppDelegate.swift in Sources */,
				0DBDF49B24538C4800B5DC26 /* FlowInputViewController.swift in Sources */,
				0DBDF4A32453A8FA00B5DC26 /* FlowExtensiveContentViewController.swift in Sources */,
				2A5CF433244A254D00E98022 /* SceneDelegate.swift in Sources */,
				2A45D47124575F7E00503C13 /* RoomTableViewCell.swift in Sources */,
				1514500F2459F643001183D4 /* RoomResponse.swift in Sources */,
				1514500C2459F530001183D4 /* Room.swift in Sources */,
				2AAE6803244E1FE600129E50 /* AreaTableViewCell.swift in Sources */,
				2A5685D22451E4B300ECAC23 /* AreaViewController.swift in Sources */,
				2AAE67FE244DFE4F00129E50 /* AreasTableViewController.swift in Sources */,
				155C65E8245115F2000969CD /* UILabel+Accessibility.swift in Sources */,
			);
			runOnlyForDeploymentPostprocessing = 0;
		};
/* End PBXSourcesBuildPhase section */

/* Begin PBXVariantGroup section */
		2A5CF436244A254D00E98022 /* Main.storyboard */ = {
			isa = PBXVariantGroup;
			children = (
				2A5CF437244A254D00E98022 /* Base */,
			);
			name = Main.storyboard;
			sourceTree = "<group>";
		};
		2A5CF43E244A254F00E98022 /* LaunchScreen.storyboard */ = {
			isa = PBXVariantGroup;
			children = (
				2A5CF43F244A254F00E98022 /* Base */,
			);
			name = LaunchScreen.storyboard;
			sourceTree = "<group>";
		};
/* End PBXVariantGroup section */

/* Begin XCBuildConfiguration section */
		2A5CF442244A254F00E98022 /* Debug */ = {
			isa = XCBuildConfiguration;
			buildSettings = {
				ALWAYS_SEARCH_USER_PATHS = NO;
				CLANG_ANALYZER_NONNULL = YES;
				CLANG_ANALYZER_NUMBER_OBJECT_CONVERSION = YES_AGGRESSIVE;
				CLANG_CXX_LANGUAGE_STANDARD = "gnu++14";
				CLANG_CXX_LIBRARY = "libc++";
				CLANG_ENABLE_MODULES = YES;
				CLANG_ENABLE_OBJC_ARC = YES;
				CLANG_ENABLE_OBJC_WEAK = YES;
				CLANG_WARN_BLOCK_CAPTURE_AUTORELEASING = YES;
				CLANG_WARN_BOOL_CONVERSION = YES;
				CLANG_WARN_COMMA = YES;
				CLANG_WARN_CONSTANT_CONVERSION = YES;
				CLANG_WARN_DEPRECATED_OBJC_IMPLEMENTATIONS = YES;
				CLANG_WARN_DIRECT_OBJC_ISA_USAGE = YES_ERROR;
				CLANG_WARN_DOCUMENTATION_COMMENTS = YES;
				CLANG_WARN_EMPTY_BODY = YES;
				CLANG_WARN_ENUM_CONVERSION = YES;
				CLANG_WARN_INFINITE_RECURSION = YES;
				CLANG_WARN_INT_CONVERSION = YES;
				CLANG_WARN_NON_LITERAL_NULL_CONVERSION = YES;
				CLANG_WARN_OBJC_IMPLICIT_RETAIN_SELF = YES;
				CLANG_WARN_OBJC_LITERAL_CONVERSION = YES;
				CLANG_WARN_OBJC_ROOT_CLASS = YES_ERROR;
				CLANG_WARN_RANGE_LOOP_ANALYSIS = YES;
				CLANG_WARN_STRICT_PROTOTYPES = YES;
				CLANG_WARN_SUSPICIOUS_MOVE = YES;
				CLANG_WARN_UNGUARDED_AVAILABILITY = YES_AGGRESSIVE;
				CLANG_WARN_UNREACHABLE_CODE = YES;
				CLANG_WARN__DUPLICATE_METHOD_MATCH = YES;
				COPY_PHASE_STRIP = NO;
				DEBUG_INFORMATION_FORMAT = dwarf;
				ENABLE_STRICT_OBJC_MSGSEND = YES;
				ENABLE_TESTABILITY = YES;
				GCC_C_LANGUAGE_STANDARD = gnu11;
				GCC_DYNAMIC_NO_PIC = NO;
				GCC_NO_COMMON_BLOCKS = YES;
				GCC_OPTIMIZATION_LEVEL = 0;
				GCC_PREPROCESSOR_DEFINITIONS = (
					"DEBUG=1",
					"$(inherited)",
				);
				GCC_WARN_64_TO_32_BIT_CONVERSION = YES;
				GCC_WARN_ABOUT_RETURN_TYPE = YES_ERROR;
				GCC_WARN_UNDECLARED_SELECTOR = YES;
				GCC_WARN_UNINITIALIZED_AUTOS = YES_AGGRESSIVE;
				GCC_WARN_UNUSED_FUNCTION = YES;
				GCC_WARN_UNUSED_VARIABLE = YES;
				IPHONEOS_DEPLOYMENT_TARGET = 13.4;
				MTL_ENABLE_DEBUG_INFO = INCLUDE_SOURCE;
				MTL_FAST_MATH = YES;
				ONLY_ACTIVE_ARCH = YES;
				SDKROOT = iphoneos;
				SWIFT_ACTIVE_COMPILATION_CONDITIONS = DEBUG;
				SWIFT_OPTIMIZATION_LEVEL = "-Onone";
			};
			name = Debug;
		};
		2A5CF443244A254F00E98022 /* Release */ = {
			isa = XCBuildConfiguration;
			buildSettings = {
				ALWAYS_SEARCH_USER_PATHS = NO;
				CLANG_ANALYZER_NONNULL = YES;
				CLANG_ANALYZER_NUMBER_OBJECT_CONVERSION = YES_AGGRESSIVE;
				CLANG_CXX_LANGUAGE_STANDARD = "gnu++14";
				CLANG_CXX_LIBRARY = "libc++";
				CLANG_ENABLE_MODULES = YES;
				CLANG_ENABLE_OBJC_ARC = YES;
				CLANG_ENABLE_OBJC_WEAK = YES;
				CLANG_WARN_BLOCK_CAPTURE_AUTORELEASING = YES;
				CLANG_WARN_BOOL_CONVERSION = YES;
				CLANG_WARN_COMMA = YES;
				CLANG_WARN_CONSTANT_CONVERSION = YES;
				CLANG_WARN_DEPRECATED_OBJC_IMPLEMENTATIONS = YES;
				CLANG_WARN_DIRECT_OBJC_ISA_USAGE = YES_ERROR;
				CLANG_WARN_DOCUMENTATION_COMMENTS = YES;
				CLANG_WARN_EMPTY_BODY = YES;
				CLANG_WARN_ENUM_CONVERSION = YES;
				CLANG_WARN_INFINITE_RECURSION = YES;
				CLANG_WARN_INT_CONVERSION = YES;
				CLANG_WARN_NON_LITERAL_NULL_CONVERSION = YES;
				CLANG_WARN_OBJC_IMPLICIT_RETAIN_SELF = YES;
				CLANG_WARN_OBJC_LITERAL_CONVERSION = YES;
				CLANG_WARN_OBJC_ROOT_CLASS = YES_ERROR;
				CLANG_WARN_RANGE_LOOP_ANALYSIS = YES;
				CLANG_WARN_STRICT_PROTOTYPES = YES;
				CLANG_WARN_SUSPICIOUS_MOVE = YES;
				CLANG_WARN_UNGUARDED_AVAILABILITY = YES_AGGRESSIVE;
				CLANG_WARN_UNREACHABLE_CODE = YES;
				CLANG_WARN__DUPLICATE_METHOD_MATCH = YES;
				COPY_PHASE_STRIP = NO;
				DEBUG_INFORMATION_FORMAT = "dwarf-with-dsym";
				ENABLE_NS_ASSERTIONS = NO;
				ENABLE_STRICT_OBJC_MSGSEND = YES;
				GCC_C_LANGUAGE_STANDARD = gnu11;
				GCC_NO_COMMON_BLOCKS = YES;
				GCC_WARN_64_TO_32_BIT_CONVERSION = YES;
				GCC_WARN_ABOUT_RETURN_TYPE = YES_ERROR;
				GCC_WARN_UNDECLARED_SELECTOR = YES;
				GCC_WARN_UNINITIALIZED_AUTOS = YES_AGGRESSIVE;
				GCC_WARN_UNUSED_FUNCTION = YES;
				GCC_WARN_UNUSED_VARIABLE = YES;
				IPHONEOS_DEPLOYMENT_TARGET = 13.4;
				MTL_ENABLE_DEBUG_INFO = NO;
				MTL_FAST_MATH = YES;
				SDKROOT = iphoneos;
				SWIFT_COMPILATION_MODE = wholemodule;
				SWIFT_OPTIMIZATION_LEVEL = "-O";
				VALIDATE_PRODUCT = YES;
			};
			name = Release;
		};
		2A5CF445244A254F00E98022 /* Debug */ = {
			isa = XCBuildConfiguration;
			baseConfigurationReference = 78E03B117F0464EE93C0D6AC /* Pods-AppUser.debug.xcconfig */;
			buildSettings = {
				ASSETCATALOG_COMPILER_APPICON_NAME = AppIcon;
				CODE_SIGN_STYLE = Automatic;
				DEVELOPMENT_TEAM = KDP22XDFSU;
				INFOPLIST_FILE = AppUser/Info.plist;
				IPHONEOS_DEPLOYMENT_TARGET = 12.0;
				LD_RUNPATH_SEARCH_PATHS = (
					"$(inherited)",
					"@executable_path/Frameworks",
				);
				PRODUCT_BUNDLE_IDENTIFIER = gabrielferreira.AppUser;
				PRODUCT_NAME = "$(TARGET_NAME)";
				SWIFT_VERSION = 5.0;
				TARGETED_DEVICE_FAMILY = "1,2";
			};
			name = Debug;
		};
		2A5CF446244A254F00E98022 /* Release */ = {
			isa = XCBuildConfiguration;
			baseConfigurationReference = DAFE7FC23E469819D346C009 /* Pods-AppUser.release.xcconfig */;
			buildSettings = {
				ASSETCATALOG_COMPILER_APPICON_NAME = AppIcon;
				CODE_SIGN_STYLE = Automatic;
				DEVELOPMENT_TEAM = KDP22XDFSU;
				INFOPLIST_FILE = AppUser/Info.plist;
				IPHONEOS_DEPLOYMENT_TARGET = 12.0;
				LD_RUNPATH_SEARCH_PATHS = (
					"$(inherited)",
					"@executable_path/Frameworks",
				);
				PRODUCT_BUNDLE_IDENTIFIER = gabrielferreira.AppUser;
				PRODUCT_NAME = "$(TARGET_NAME)";
				SWIFT_VERSION = 5.0;
				TARGETED_DEVICE_FAMILY = "1,2";
			};
			name = Release;
		};
/* End XCBuildConfiguration section */

/* Begin XCConfigurationList section */
		2A5CF428244A254D00E98022 /* Build configuration list for PBXProject "AppUser" */ = {
			isa = XCConfigurationList;
			buildConfigurations = (
				2A5CF442244A254F00E98022 /* Debug */,
				2A5CF443244A254F00E98022 /* Release */,
			);
			defaultConfigurationIsVisible = 0;
			defaultConfigurationName = Release;
		};
		2A5CF444244A254F00E98022 /* Build configuration list for PBXNativeTarget "AppUser" */ = {
			isa = XCConfigurationList;
			buildConfigurations = (
				2A5CF445244A254F00E98022 /* Debug */,
				2A5CF446244A254F00E98022 /* Release */,
			);
			defaultConfigurationIsVisible = 0;
			defaultConfigurationName = Release;
		};
/* End XCConfigurationList section */

/* Begin XCVersionGroup section */
		2A5CF439244A254D00E98022 /* AppUser.xcdatamodeld */ = {
			isa = XCVersionGroup;
			children = (
				2A5CF43A244A254D00E98022 /* AppUser.xcdatamodel */,
			);
			currentVersion = 2A5CF43A244A254D00E98022 /* AppUser.xcdatamodel */;
			path = AppUser.xcdatamodeld;
			sourceTree = "<group>";
			versionGroupType = wrapper.xcdatamodel;
		};
/* End XCVersionGroup section */
	};
	rootObject = 2A5CF425244A254D00E98022 /* Project object */;
}
