// !$*UTF8*$!
{
	archiveVersion = 1;
	classes = {
	};
	objectVersion = 51;
	objects = {

/* Begin PBXBuildFile section */
		155FE61C2480159500B1B819 /* GoogleService-Info.plist in Resources */ = {isa = PBXBuildFile; fileRef = 155FE61B2480159500B1B819 /* GoogleService-Info.plist */; };
		2A411229248031DD00495571 /* CreateRoom.storyboard in Resources */ = {isa = PBXBuildFile; fileRef = 2A411228248031DD00495571 /* CreateRoom.storyboard */; };
		2A41122B248144EC00495571 /* CreateRoomViewController.swift in Sources */ = {isa = PBXBuildFile; fileRef = 2A41122A248144EC00495571 /* CreateRoomViewController.swift */; };
		2A5CF454244A258A00E98022 /* AppDelegate.swift in Sources */ = {isa = PBXBuildFile; fileRef = 2A5CF453244A258A00E98022 /* AppDelegate.swift */; };
		2A5CF456244A258A00E98022 /* SceneDelegate.swift in Sources */ = {isa = PBXBuildFile; fileRef = 2A5CF455244A258A00E98022 /* SceneDelegate.swift */; };
		2A5CF458244A258A00E98022 /* ViewController.swift in Sources */ = {isa = PBXBuildFile; fileRef = 2A5CF457244A258A00E98022 /* ViewController.swift */; };
		2A5CF45E244A258A00E98022 /* AppAdm.xcdatamodeld in Sources */ = {isa = PBXBuildFile; fileRef = 2A5CF45C244A258A00E98022 /* AppAdm.xcdatamodeld */; };
		2A5CF460244A258C00E98022 /* Assets.xcassets in Resources */ = {isa = PBXBuildFile; fileRef = 2A5CF45F244A258C00E98022 /* Assets.xcassets */; };
		2A5CF463244A258C00E98022 /* LaunchScreen.storyboard in Resources */ = {isa = PBXBuildFile; fileRef = 2A5CF461244A258C00E98022 /* LaunchScreen.storyboard */; };
		2A62372D24782D5B00B84B9A /* ProtFlow.swift in Sources */ = {isa = PBXBuildFile; fileRef = 2A62371624782D5B00B84B9A /* ProtFlow.swift */; };
		2A62372E24782D5B00B84B9A /* TituloEtapaViewCell.swift in Sources */ = {isa = PBXBuildFile; fileRef = 2A62371824782D5B00B84B9A /* TituloEtapaViewCell.swift */; };
		2A62372F24782D5B00B84B9A /* TituloEtapaViewCell.xib in Resources */ = {isa = PBXBuildFile; fileRef = 2A62371924782D5B00B84B9A /* TituloEtapaViewCell.xib */; };
		2A62373024782D5B00B84B9A /* RoomResponse.swift in Sources */ = {isa = PBXBuildFile; fileRef = 2A62371B24782D5B00B84B9A /* RoomResponse.swift */; };
		2A62373124782D5B00B84B9A /* Room.swift in Sources */ = {isa = PBXBuildFile; fileRef = 2A62371C24782D5B00B84B9A /* Room.swift */; };
		2A62373224782D5B00B84B9A /* InitialViewHeader.swift in Sources */ = {isa = PBXBuildFile; fileRef = 2A62371E24782D5B00B84B9A /* InitialViewHeader.swift */; };
		2A62373324782D5B00B84B9A /* InitialView.xib in Resources */ = {isa = PBXBuildFile; fileRef = 2A62371F24782D5B00B84B9A /* InitialView.xib */; };
		2A62373424782D5B00B84B9A /* RoomTableViewCell.xib in Resources */ = {isa = PBXBuildFile; fileRef = 2A62372124782D5B00B84B9A /* RoomTableViewCell.xib */; };
		2A62373524782D5B00B84B9A /* RoomTableViewCell.swift in Sources */ = {isa = PBXBuildFile; fileRef = 2A62372224782D5B00B84B9A /* RoomTableViewCell.swift */; };
		2A62373624782D5B00B84B9A /* SearchViewHeader.swift in Sources */ = {isa = PBXBuildFile; fileRef = 2A62372424782D5B00B84B9A /* SearchViewHeader.swift */; };
		2A62373724782D5B00B84B9A /* SearchView.xib in Resources */ = {isa = PBXBuildFile; fileRef = 2A62372524782D5B00B84B9A /* SearchView.xib */; };
		2A62373824782D5B00B84B9A /* ProtocolTableViewCell.swift in Sources */ = {isa = PBXBuildFile; fileRef = 2A62372724782D5B00B84B9A /* ProtocolTableViewCell.swift */; };
		2A62373924782D5B00B84B9A /* ProtocolTableViewCell.xib in Resources */ = {isa = PBXBuildFile; fileRef = 2A62372824782D5B00B84B9A /* ProtocolTableViewCell.xib */; };
		2A62373A24782D5B00B84B9A /* AreaTableViewCell.swift in Sources */ = {isa = PBXBuildFile; fileRef = 2A62372A24782D5B00B84B9A /* AreaTableViewCell.swift */; };
		2A62373B24782D5B00B84B9A /* AreaTableViewCell.xib in Resources */ = {isa = PBXBuildFile; fileRef = 2A62372B24782D5B00B84B9A /* AreaTableViewCell.xib */; };
		2A62373C24782D5B00B84B9A /* Etapa.swift in Sources */ = {isa = PBXBuildFile; fileRef = 2A62372C24782D5B00B84B9A /* Etapa.swift */; };
		2A62374A2478321E00B84B9A /* EtapasViewController.swift in Sources */ = {isa = PBXBuildFile; fileRef = 2A62373E2478321E00B84B9A /* EtapasViewController.swift */; };
		2A62374B2478321E00B84B9A /* FlowInitialViewController.swift in Sources */ = {isa = PBXBuildFile; fileRef = 2A62373F2478321E00B84B9A /* FlowInitialViewController.swift */; };
		2A62374C2478321E00B84B9A /* FlowFinalViewController.swift in Sources */ = {isa = PBXBuildFile; fileRef = 2A6237402478321E00B84B9A /* FlowFinalViewController.swift */; };
		2A62374D2478321E00B84B9A /* AreasTableViewController.swift in Sources */ = {isa = PBXBuildFile; fileRef = 2A6237412478321E00B84B9A /* AreasTableViewController.swift */; };
		2A62374E2478321E00B84B9A /* MainViewController.swift in Sources */ = {isa = PBXBuildFile; fileRef = 2A6237422478321E00B84B9A /* MainViewController.swift */; };
		2A62374F2478321E00B84B9A /* FlowExtensiveContentViewController.swift in Sources */ = {isa = PBXBuildFile; fileRef = 2A6237432478321E00B84B9A /* FlowExtensiveContentViewController.swift */; };
		2A6237502478321E00B84B9A /* OnboardingViewController.swift in Sources */ = {isa = PBXBuildFile; fileRef = 2A6237442478321E00B84B9A /* OnboardingViewController.swift */; };
		2A6237512478321E00B84B9A /* AreaViewController.swift in Sources */ = {isa = PBXBuildFile; fileRef = 2A6237452478321E00B84B9A /* AreaViewController.swift */; };
		2A6237522478321E00B84B9A /* FlowInputViewController.swift in Sources */ = {isa = PBXBuildFile; fileRef = 2A6237462478321E00B84B9A /* FlowInputViewController.swift */; };
		2A6237532478321E00B84B9A /* FlowShortContentViewController.swift in Sources */ = {isa = PBXBuildFile; fileRef = 2A6237472478321E00B84B9A /* FlowShortContentViewController.swift */; };
		2A6237542478321E00B84B9A /* NavigationControllerVC.swift in Sources */ = {isa = PBXBuildFile; fileRef = 2A6237482478321E00B84B9A /* NavigationControllerVC.swift */; };
		2A6237552478321E00B84B9A /* AboutViewController.swift in Sources */ = {isa = PBXBuildFile; fileRef = 2A6237492478321E00B84B9A /* AboutViewController.swift */; };
		2A6237632478324B00B84B9A /* Etapas.storyboard in Resources */ = {isa = PBXBuildFile; fileRef = 2A6237572478324B00B84B9A /* Etapas.storyboard */; };
		2A6237642478324B00B84B9A /* FlowExtensiveContent.storyboard in Resources */ = {isa = PBXBuildFile; fileRef = 2A6237582478324B00B84B9A /* FlowExtensiveContent.storyboard */; };
		2A6237662478324B00B84B9A /* Main.storyboard in Resources */ = {isa = PBXBuildFile; fileRef = 2A62375B2478324B00B84B9A /* Main.storyboard */; };
		2A6237672478324B00B84B9A /* FlowFinal.storyboard in Resources */ = {isa = PBXBuildFile; fileRef = 2A62375D2478324B00B84B9A /* FlowFinal.storyboard */; };
		2A6237682478324B00B84B9A /* FlowInput.storyboard in Resources */ = {isa = PBXBuildFile; fileRef = 2A62375E2478324B00B84B9A /* FlowInput.storyboard */; };
		2A6237692478324B00B84B9A /* FlowShortContent.storyboard in Resources */ = {isa = PBXBuildFile; fileRef = 2A62375F2478324B00B84B9A /* FlowShortContent.storyboard */; };
		2A62376A2478324B00B84B9A /* FlowInitial.storyboard in Resources */ = {isa = PBXBuildFile; fileRef = 2A6237602478324B00B84B9A /* FlowInitial.storyboard */; };
		2A62376B2478324B00B84B9A /* Area.storyboard in Resources */ = {isa = PBXBuildFile; fileRef = 2A6237612478324B00B84B9A /* Area.storyboard */; };
		2A62376C2478324B00B84B9A /* Areas.storyboard in Resources */ = {isa = PBXBuildFile; fileRef = 2A6237622478324B00B84B9A /* Areas.storyboard */; };
		2A62379B2478462800B84B9A /* SF-Pro-Display-Thin.otf in Resources */ = {isa = PBXBuildFile; fileRef = 2A6237892478462700B84B9A /* SF-Pro-Display-Thin.otf */; };
		2A62379C2478462800B84B9A /* SF-Pro-Display-SemiboldItalic.otf in Resources */ = {isa = PBXBuildFile; fileRef = 2A62378A2478462700B84B9A /* SF-Pro-Display-SemiboldItalic.otf */; };
		2A62379D2478462800B84B9A /* SF-Pro-Display-RegularItalic.otf in Resources */ = {isa = PBXBuildFile; fileRef = 2A62378B2478462700B84B9A /* SF-Pro-Display-RegularItalic.otf */; };
		2A62379E2478462800B84B9A /* SF-Pro-Display-Light.otf in Resources */ = {isa = PBXBuildFile; fileRef = 2A62378C2478462700B84B9A /* SF-Pro-Display-Light.otf */; };
		2A62379F2478462800B84B9A /* SF-Pro-Display-Regular.otf in Resources */ = {isa = PBXBuildFile; fileRef = 2A62378D2478462700B84B9A /* SF-Pro-Display-Regular.otf */; };
		2A6237A02478462800B84B9A /* SF-Pro-Display-Bold.otf in Resources */ = {isa = PBXBuildFile; fileRef = 2A62378E2478462700B84B9A /* SF-Pro-Display-Bold.otf */; };
		2A6237A12478462800B84B9A /* SF-Pro-Display-Medium.otf in Resources */ = {isa = PBXBuildFile; fileRef = 2A62378F2478462700B84B9A /* SF-Pro-Display-Medium.otf */; };
		2A6237A22478462800B84B9A /* SF-Pro-Display-Heavy.otf in Resources */ = {isa = PBXBuildFile; fileRef = 2A6237902478462700B84B9A /* SF-Pro-Display-Heavy.otf */; };
		2A6237A32478462800B84B9A /* SF-Pro-Display-Semibold.otf in Resources */ = {isa = PBXBuildFile; fileRef = 2A6237912478462700B84B9A /* SF-Pro-Display-Semibold.otf */; };
		2A6237A42478462800B84B9A /* SF-Pro-Display-MediumItalic.otf in Resources */ = {isa = PBXBuildFile; fileRef = 2A6237922478462700B84B9A /* SF-Pro-Display-MediumItalic.otf */; };
		2A6237A52478462800B84B9A /* SF-Pro-Display-HeavyItalic.otf in Resources */ = {isa = PBXBuildFile; fileRef = 2A6237932478462700B84B9A /* SF-Pro-Display-HeavyItalic.otf */; };
		2A6237A62478462800B84B9A /* SF-Pro-Display-Ultralight.otf in Resources */ = {isa = PBXBuildFile; fileRef = 2A6237942478462700B84B9A /* SF-Pro-Display-Ultralight.otf */; };
		2A6237A72478462800B84B9A /* SF-Pro-Display-UltralightItalic.otf in Resources */ = {isa = PBXBuildFile; fileRef = 2A6237952478462700B84B9A /* SF-Pro-Display-UltralightItalic.otf */; };
		2A6237A82478462800B84B9A /* SF-Pro-Display-LightItalic.otf in Resources */ = {isa = PBXBuildFile; fileRef = 2A6237962478462700B84B9A /* SF-Pro-Display-LightItalic.otf */; };
		2A6237A92478462800B84B9A /* SF-Pro-Display-BlackItalic.otf in Resources */ = {isa = PBXBuildFile; fileRef = 2A6237972478462700B84B9A /* SF-Pro-Display-BlackItalic.otf */; };
		2A6237AA2478462800B84B9A /* SF-Pro-Display-Black.otf in Resources */ = {isa = PBXBuildFile; fileRef = 2A6237982478462700B84B9A /* SF-Pro-Display-Black.otf */; };
		2A6237AB2478462800B84B9A /* SF-Pro-Display-ThinItalic.otf in Resources */ = {isa = PBXBuildFile; fileRef = 2A6237992478462700B84B9A /* SF-Pro-Display-ThinItalic.otf */; };
		2A6237AC2478462800B84B9A /* SF-Pro-Display-BoldItalic.otf in Resources */ = {isa = PBXBuildFile; fileRef = 2A62379A2478462800B84B9A /* SF-Pro-Display-BoldItalic.otf */; };
		2A6237AF2478463600B84B9A /* UILabel+Accessibility.swift in Sources */ = {isa = PBXBuildFile; fileRef = 2A6237AE2478463600B84B9A /* UILabel+Accessibility.swift */; };
		36DA1FE9A0BFF40448979909 /* Pods_AppAdm.framework in Frameworks */ = {isa = PBXBuildFile; fileRef = 642F85D1B52B247DD604156E /* Pods_AppAdm.framework */; };
/* End PBXBuildFile section */

/* Begin PBXFileReference section */
		155FE61B2480159500B1B819 /* GoogleService-Info.plist */ = {isa = PBXFileReference; fileEncoding = 4; lastKnownFileType = text.plist.xml; path = "GoogleService-Info.plist"; sourceTree = "<group>"; };
		2A411228248031DD00495571 /* CreateRoom.storyboard */ = {isa = PBXFileReference; lastKnownFileType = file.storyboard; path = CreateRoom.storyboard; sourceTree = "<group>"; };
		2A41122A248144EC00495571 /* CreateRoomViewController.swift */ = {isa = PBXFileReference; lastKnownFileType = sourcecode.swift; path = CreateRoomViewController.swift; sourceTree = "<group>"; };
		2A5CF450244A258A00E98022 /* AppAdm.app */ = {isa = PBXFileReference; explicitFileType = wrapper.application; includeInIndex = 0; path = AppAdm.app; sourceTree = BUILT_PRODUCTS_DIR; };
		2A5CF453244A258A00E98022 /* AppDelegate.swift */ = {isa = PBXFileReference; lastKnownFileType = sourcecode.swift; path = AppDelegate.swift; sourceTree = "<group>"; };
		2A5CF455244A258A00E98022 /* SceneDelegate.swift */ = {isa = PBXFileReference; lastKnownFileType = sourcecode.swift; path = SceneDelegate.swift; sourceTree = "<group>"; };
		2A5CF457244A258A00E98022 /* ViewController.swift */ = {isa = PBXFileReference; lastKnownFileType = sourcecode.swift; path = ViewController.swift; sourceTree = "<group>"; };
		2A5CF45D244A258A00E98022 /* AppAdm.xcdatamodel */ = {isa = PBXFileReference; lastKnownFileType = wrapper.xcdatamodel; path = AppAdm.xcdatamodel; sourceTree = "<group>"; };
		2A5CF45F244A258C00E98022 /* Assets.xcassets */ = {isa = PBXFileReference; lastKnownFileType = folder.assetcatalog; path = Assets.xcassets; sourceTree = "<group>"; };
		2A5CF462244A258C00E98022 /* Base */ = {isa = PBXFileReference; lastKnownFileType = file.storyboard; name = Base; path = Base.lproj/LaunchScreen.storyboard; sourceTree = "<group>"; };
		2A5CF464244A258C00E98022 /* Info.plist */ = {isa = PBXFileReference; lastKnownFileType = text.plist.xml; path = Info.plist; sourceTree = "<group>"; };
		2A62371624782D5B00B84B9A /* ProtFlow.swift */ = {isa = PBXFileReference; fileEncoding = 4; lastKnownFileType = sourcecode.swift; path = ProtFlow.swift; sourceTree = "<group>"; };
		2A62371824782D5B00B84B9A /* TituloEtapaViewCell.swift */ = {isa = PBXFileReference; fileEncoding = 4; lastKnownFileType = sourcecode.swift; path = TituloEtapaViewCell.swift; sourceTree = "<group>"; };
		2A62371924782D5B00B84B9A /* TituloEtapaViewCell.xib */ = {isa = PBXFileReference; fileEncoding = 4; lastKnownFileType = file.xib; path = TituloEtapaViewCell.xib; sourceTree = "<group>"; };
		2A62371B24782D5B00B84B9A /* RoomResponse.swift */ = {isa = PBXFileReference; fileEncoding = 4; lastKnownFileType = sourcecode.swift; path = RoomResponse.swift; sourceTree = "<group>"; };
		2A62371C24782D5B00B84B9A /* Room.swift */ = {isa = PBXFileReference; fileEncoding = 4; lastKnownFileType = sourcecode.swift; path = Room.swift; sourceTree = "<group>"; };
		2A62371E24782D5B00B84B9A /* InitialViewHeader.swift */ = {isa = PBXFileReference; fileEncoding = 4; lastKnownFileType = sourcecode.swift; path = InitialViewHeader.swift; sourceTree = "<group>"; };
		2A62371F24782D5B00B84B9A /* InitialView.xib */ = {isa = PBXFileReference; fileEncoding = 4; lastKnownFileType = file.xib; path = InitialView.xib; sourceTree = "<group>"; };
		2A62372124782D5B00B84B9A /* RoomTableViewCell.xib */ = {isa = PBXFileReference; fileEncoding = 4; lastKnownFileType = file.xib; path = RoomTableViewCell.xib; sourceTree = "<group>"; };
		2A62372224782D5B00B84B9A /* RoomTableViewCell.swift */ = {isa = PBXFileReference; fileEncoding = 4; lastKnownFileType = sourcecode.swift; path = RoomTableViewCell.swift; sourceTree = "<group>"; };
		2A62372424782D5B00B84B9A /* SearchViewHeader.swift */ = {isa = PBXFileReference; fileEncoding = 4; lastKnownFileType = sourcecode.swift; path = SearchViewHeader.swift; sourceTree = "<group>"; };
		2A62372524782D5B00B84B9A /* SearchView.xib */ = {isa = PBXFileReference; fileEncoding = 4; lastKnownFileType = file.xib; path = SearchView.xib; sourceTree = "<group>"; };
		2A62372724782D5B00B84B9A /* ProtocolTableViewCell.swift */ = {isa = PBXFileReference; fileEncoding = 4; lastKnownFileType = sourcecode.swift; path = ProtocolTableViewCell.swift; sourceTree = "<group>"; };
		2A62372824782D5B00B84B9A /* ProtocolTableViewCell.xib */ = {isa = PBXFileReference; fileEncoding = 4; lastKnownFileType = file.xib; path = ProtocolTableViewCell.xib; sourceTree = "<group>"; };
		2A62372A24782D5B00B84B9A /* AreaTableViewCell.swift */ = {isa = PBXFileReference; fileEncoding = 4; lastKnownFileType = sourcecode.swift; path = AreaTableViewCell.swift; sourceTree = "<group>"; };
		2A62372B24782D5B00B84B9A /* AreaTableViewCell.xib */ = {isa = PBXFileReference; fileEncoding = 4; lastKnownFileType = file.xib; path = AreaTableViewCell.xib; sourceTree = "<group>"; };
		2A62372C24782D5B00B84B9A /* Etapa.swift */ = {isa = PBXFileReference; fileEncoding = 4; lastKnownFileType = sourcecode.swift; path = Etapa.swift; sourceTree = "<group>"; };
		2A62373E2478321E00B84B9A /* EtapasViewController.swift */ = {isa = PBXFileReference; fileEncoding = 4; lastKnownFileType = sourcecode.swift; path = EtapasViewController.swift; sourceTree = "<group>"; };
		2A62373F2478321E00B84B9A /* FlowInitialViewController.swift */ = {isa = PBXFileReference; fileEncoding = 4; lastKnownFileType = sourcecode.swift; path = FlowInitialViewController.swift; sourceTree = "<group>"; };
		2A6237402478321E00B84B9A /* FlowFinalViewController.swift */ = {isa = PBXFileReference; fileEncoding = 4; lastKnownFileType = sourcecode.swift; path = FlowFinalViewController.swift; sourceTree = "<group>"; };
		2A6237412478321E00B84B9A /* AreasTableViewController.swift */ = {isa = PBXFileReference; fileEncoding = 4; lastKnownFileType = sourcecode.swift; path = AreasTableViewController.swift; sourceTree = "<group>"; };
		2A6237422478321E00B84B9A /* MainViewController.swift */ = {isa = PBXFileReference; fileEncoding = 4; lastKnownFileType = sourcecode.swift; path = MainViewController.swift; sourceTree = "<group>"; };
		2A6237432478321E00B84B9A /* FlowExtensiveContentViewController.swift */ = {isa = PBXFileReference; fileEncoding = 4; lastKnownFileType = sourcecode.swift; path = FlowExtensiveContentViewController.swift; sourceTree = "<group>"; };
		2A6237442478321E00B84B9A /* OnboardingViewController.swift */ = {isa = PBXFileReference; fileEncoding = 4; lastKnownFileType = sourcecode.swift; path = OnboardingViewController.swift; sourceTree = "<group>"; };
		2A6237452478321E00B84B9A /* AreaViewController.swift */ = {isa = PBXFileReference; fileEncoding = 4; lastKnownFileType = sourcecode.swift; path = AreaViewController.swift; sourceTree = "<group>"; };
		2A6237462478321E00B84B9A /* FlowInputViewController.swift */ = {isa = PBXFileReference; fileEncoding = 4; lastKnownFileType = sourcecode.swift; path = FlowInputViewController.swift; sourceTree = "<group>"; };
		2A6237472478321E00B84B9A /* FlowShortContentViewController.swift */ = {isa = PBXFileReference; fileEncoding = 4; lastKnownFileType = sourcecode.swift; path = FlowShortContentViewController.swift; sourceTree = "<group>"; };
		2A6237482478321E00B84B9A /* NavigationControllerVC.swift */ = {isa = PBXFileReference; fileEncoding = 4; lastKnownFileType = sourcecode.swift; path = NavigationControllerVC.swift; sourceTree = "<group>"; };
		2A6237492478321E00B84B9A /* AboutViewController.swift */ = {isa = PBXFileReference; fileEncoding = 4; lastKnownFileType = sourcecode.swift; path = AboutViewController.swift; sourceTree = "<group>"; };
		2A6237572478324B00B84B9A /* Etapas.storyboard */ = {isa = PBXFileReference; fileEncoding = 4; lastKnownFileType = file.storyboard; path = Etapas.storyboard; sourceTree = "<group>"; };
		2A6237582478324B00B84B9A /* FlowExtensiveContent.storyboard */ = {isa = PBXFileReference; fileEncoding = 4; lastKnownFileType = file.storyboard; path = FlowExtensiveContent.storyboard; sourceTree = "<group>"; };
		2A62375C2478324B00B84B9A /* Base */ = {isa = PBXFileReference; lastKnownFileType = file.storyboard; name = Base; path = Base.lproj/Main.storyboard; sourceTree = "<group>"; };
		2A62375D2478324B00B84B9A /* FlowFinal.storyboard */ = {isa = PBXFileReference; fileEncoding = 4; lastKnownFileType = file.storyboard; path = FlowFinal.storyboard; sourceTree = "<group>"; };
		2A62375E2478324B00B84B9A /* FlowInput.storyboard */ = {isa = PBXFileReference; fileEncoding = 4; lastKnownFileType = file.storyboard; path = FlowInput.storyboard; sourceTree = "<group>"; };
		2A62375F2478324B00B84B9A /* FlowShortContent.storyboard */ = {isa = PBXFileReference; fileEncoding = 4; lastKnownFileType = file.storyboard; path = FlowShortContent.storyboard; sourceTree = "<group>"; };
		2A6237602478324B00B84B9A /* FlowInitial.storyboard */ = {isa = PBXFileReference; fileEncoding = 4; lastKnownFileType = file.storyboard; path = FlowInitial.storyboard; sourceTree = "<group>"; };
		2A6237612478324B00B84B9A /* Area.storyboard */ = {isa = PBXFileReference; fileEncoding = 4; lastKnownFileType = file.storyboard; path = Area.storyboard; sourceTree = "<group>"; };
		2A6237622478324B00B84B9A /* Areas.storyboard */ = {isa = PBXFileReference; fileEncoding = 4; lastKnownFileType = file.storyboard; path = Areas.storyboard; sourceTree = "<group>"; };
		2A6237892478462700B84B9A /* SF-Pro-Display-Thin.otf */ = {isa = PBXFileReference; lastKnownFileType = file; path = "SF-Pro-Display-Thin.otf"; sourceTree = "<group>"; };
		2A62378A2478462700B84B9A /* SF-Pro-Display-SemiboldItalic.otf */ = {isa = PBXFileReference; lastKnownFileType = file; path = "SF-Pro-Display-SemiboldItalic.otf"; sourceTree = "<group>"; };
		2A62378B2478462700B84B9A /* SF-Pro-Display-RegularItalic.otf */ = {isa = PBXFileReference; lastKnownFileType = file; path = "SF-Pro-Display-RegularItalic.otf"; sourceTree = "<group>"; };
		2A62378C2478462700B84B9A /* SF-Pro-Display-Light.otf */ = {isa = PBXFileReference; lastKnownFileType = file; path = "SF-Pro-Display-Light.otf"; sourceTree = "<group>"; };
		2A62378D2478462700B84B9A /* SF-Pro-Display-Regular.otf */ = {isa = PBXFileReference; lastKnownFileType = file; path = "SF-Pro-Display-Regular.otf"; sourceTree = "<group>"; };
		2A62378E2478462700B84B9A /* SF-Pro-Display-Bold.otf */ = {isa = PBXFileReference; lastKnownFileType = file; path = "SF-Pro-Display-Bold.otf"; sourceTree = "<group>"; };
		2A62378F2478462700B84B9A /* SF-Pro-Display-Medium.otf */ = {isa = PBXFileReference; lastKnownFileType = file; path = "SF-Pro-Display-Medium.otf"; sourceTree = "<group>"; };
		2A6237902478462700B84B9A /* SF-Pro-Display-Heavy.otf */ = {isa = PBXFileReference; lastKnownFileType = file; path = "SF-Pro-Display-Heavy.otf"; sourceTree = "<group>"; };
		2A6237912478462700B84B9A /* SF-Pro-Display-Semibold.otf */ = {isa = PBXFileReference; lastKnownFileType = file; path = "SF-Pro-Display-Semibold.otf"; sourceTree = "<group>"; };
		2A6237922478462700B84B9A /* SF-Pro-Display-MediumItalic.otf */ = {isa = PBXFileReference; lastKnownFileType = file; path = "SF-Pro-Display-MediumItalic.otf"; sourceTree = "<group>"; };
		2A6237932478462700B84B9A /* SF-Pro-Display-HeavyItalic.otf */ = {isa = PBXFileReference; lastKnownFileType = file; path = "SF-Pro-Display-HeavyItalic.otf"; sourceTree = "<group>"; };
		2A6237942478462700B84B9A /* SF-Pro-Display-Ultralight.otf */ = {isa = PBXFileReference; lastKnownFileType = file; path = "SF-Pro-Display-Ultralight.otf"; sourceTree = "<group>"; };
		2A6237952478462700B84B9A /* SF-Pro-Display-UltralightItalic.otf */ = {isa = PBXFileReference; lastKnownFileType = file; path = "SF-Pro-Display-UltralightItalic.otf"; sourceTree = "<group>"; };
		2A6237962478462700B84B9A /* SF-Pro-Display-LightItalic.otf */ = {isa = PBXFileReference; lastKnownFileType = file; path = "SF-Pro-Display-LightItalic.otf"; sourceTree = "<group>"; };
		2A6237972478462700B84B9A /* SF-Pro-Display-BlackItalic.otf */ = {isa = PBXFileReference; lastKnownFileType = file; path = "SF-Pro-Display-BlackItalic.otf"; sourceTree = "<group>"; };
		2A6237982478462700B84B9A /* SF-Pro-Display-Black.otf */ = {isa = PBXFileReference; lastKnownFileType = file; path = "SF-Pro-Display-Black.otf"; sourceTree = "<group>"; };
		2A6237992478462700B84B9A /* SF-Pro-Display-ThinItalic.otf */ = {isa = PBXFileReference; lastKnownFileType = file; path = "SF-Pro-Display-ThinItalic.otf"; sourceTree = "<group>"; };
		2A62379A2478462800B84B9A /* SF-Pro-Display-BoldItalic.otf */ = {isa = PBXFileReference; lastKnownFileType = file; path = "SF-Pro-Display-BoldItalic.otf"; sourceTree = "<group>"; };
		2A6237AE2478463600B84B9A /* UILabel+Accessibility.swift */ = {isa = PBXFileReference; fileEncoding = 4; lastKnownFileType = sourcecode.swift; path = "UILabel+Accessibility.swift"; sourceTree = "<group>"; };
		642F85D1B52B247DD604156E /* Pods_AppAdm.framework */ = {isa = PBXFileReference; explicitFileType = wrapper.framework; includeInIndex = 0; path = Pods_AppAdm.framework; sourceTree = BUILT_PRODUCTS_DIR; };
		7EF566179D7C83FE4CD8B05C /* Pods-AppAdm.debug.xcconfig */ = {isa = PBXFileReference; includeInIndex = 1; lastKnownFileType = text.xcconfig; name = "Pods-AppAdm.debug.xcconfig"; path = "Target Support Files/Pods-AppAdm/Pods-AppAdm.debug.xcconfig"; sourceTree = "<group>"; };
		B251DA43C74DC35F19B9FED4 /* Pods-AppAdm.release.xcconfig */ = {isa = PBXFileReference; includeInIndex = 1; lastKnownFileType = text.xcconfig; name = "Pods-AppAdm.release.xcconfig"; path = "Target Support Files/Pods-AppAdm/Pods-AppAdm.release.xcconfig"; sourceTree = "<group>"; };
/* End PBXFileReference section */

/* Begin PBXFrameworksBuildPhase section */
		2A5CF44D244A258A00E98022 /* Frameworks */ = {
			isa = PBXFrameworksBuildPhase;
			buildActionMask = 2147483647;
			files = (
				36DA1FE9A0BFF40448979909 /* Pods_AppAdm.framework in Frameworks */,
			);
			runOnlyForDeploymentPostprocessing = 0;
		};
/* End PBXFrameworksBuildPhase section */

/* Begin PBXGroup section */
		0F5A7DF172967DEE4BC24186 /* Frameworks */ = {
			isa = PBXGroup;
			children = (
				642F85D1B52B247DD604156E /* Pods_AppAdm.framework */,
			);
			name = Frameworks;
			sourceTree = "<group>";
		};
		2A5CF447244A258A00E98022 = {
			isa = PBXGroup;
			children = (
				2A5CF452244A258A00E98022 /* AppAdm */,
				2A5CF451244A258A00E98022 /* Products */,
				7B7E28684E1DC298E69D69B2 /* Pods */,
				0F5A7DF172967DEE4BC24186 /* Frameworks */,
			);
			sourceTree = "<group>";
		};
		2A5CF451244A258A00E98022 /* Products */ = {
			isa = PBXGroup;
			children = (
				2A5CF450244A258A00E98022 /* AppAdm.app */,
			);
			name = Products;
			sourceTree = "<group>";
		};
		2A5CF452244A258A00E98022 /* AppAdm */ = {
			isa = PBXGroup;
			children = (
				2A6237AD2478463600B84B9A /* Extensions */,
				2A6237882478462700B84B9A /* SF-Font */,
				2A6237562478324B00B84B9A /* Views */,
				2A62373D2478321E00B84B9A /* Controllers */,
				2A62371524782D5B00B84B9A /* Models */,
				155FE61B2480159500B1B819 /* GoogleService-Info.plist */,
				2A5CF453244A258A00E98022 /* AppDelegate.swift */,
				2A5CF455244A258A00E98022 /* SceneDelegate.swift */,
				2A5CF457244A258A00E98022 /* ViewController.swift */,
				2A5CF45F244A258C00E98022 /* Assets.xcassets */,
				2A5CF464244A258C00E98022 /* Info.plist */,
				2A5CF45C244A258A00E98022 /* AppAdm.xcdatamodeld */,
			);
			path = AppAdm;
			sourceTree = "<group>";
		};
		2A62371524782D5B00B84B9A /* Models */ = {
			isa = PBXGroup;
			children = (
				2A62371624782D5B00B84B9A /* ProtFlow.swift */,
				2A62371724782D5B00B84B9A /* TituloEtapaCell */,
				2A62371A24782D5B00B84B9A /* Network */,
				2A62371C24782D5B00B84B9A /* Room.swift */,
				2A62371D24782D5B00B84B9A /* InitialSection */,
				2A62372024782D5B00B84B9A /* RoomCell */,
				2A62372324782D5B00B84B9A /* SearchView */,
				2A62372624782D5B00B84B9A /* ProtocolCell */,
				2A62372924782D5B00B84B9A /* AreaCell */,
				2A62372C24782D5B00B84B9A /* Etapa.swift */,
			);
			name = Models;
			path = ../../AppUser/AppUser/Models;
			sourceTree = "<group>";
		};
		2A62371724782D5B00B84B9A /* TituloEtapaCell */ = {
			isa = PBXGroup;
			children = (
				2A62371824782D5B00B84B9A /* TituloEtapaViewCell.swift */,
				2A62371924782D5B00B84B9A /* TituloEtapaViewCell.xib */,
			);
			path = TituloEtapaCell;
			sourceTree = "<group>";
		};
		2A62371A24782D5B00B84B9A /* Network */ = {
			isa = PBXGroup;
			children = (
				2A62371B24782D5B00B84B9A /* RoomResponse.swift */,
			);
			path = Network;
			sourceTree = "<group>";
		};
		2A62371D24782D5B00B84B9A /* InitialSection */ = {
			isa = PBXGroup;
			children = (
				2A62371E24782D5B00B84B9A /* InitialViewHeader.swift */,
				2A62371F24782D5B00B84B9A /* InitialView.xib */,
			);
			path = InitialSection;
			sourceTree = "<group>";
		};
		2A62372024782D5B00B84B9A /* RoomCell */ = {
			isa = PBXGroup;
			children = (
				2A62372124782D5B00B84B9A /* RoomTableViewCell.xib */,
				2A62372224782D5B00B84B9A /* RoomTableViewCell.swift */,
			);
			path = RoomCell;
			sourceTree = "<group>";
		};
		2A62372324782D5B00B84B9A /* SearchView */ = {
			isa = PBXGroup;
			children = (
				2A62372424782D5B00B84B9A /* SearchViewHeader.swift */,
				2A62372524782D5B00B84B9A /* SearchView.xib */,
			);
			path = SearchView;
			sourceTree = "<group>";
		};
		2A62372624782D5B00B84B9A /* ProtocolCell */ = {
			isa = PBXGroup;
			children = (
				2A62372724782D5B00B84B9A /* ProtocolTableViewCell.swift */,
				2A62372824782D5B00B84B9A /* ProtocolTableViewCell.xib */,
			);
			path = ProtocolCell;
			sourceTree = "<group>";
		};
		2A62372924782D5B00B84B9A /* AreaCell */ = {
			isa = PBXGroup;
			children = (
				2A62372A24782D5B00B84B9A /* AreaTableViewCell.swift */,
				2A62372B24782D5B00B84B9A /* AreaTableViewCell.xib */,
			);
			path = AreaCell;
			sourceTree = "<group>";
		};
		2A62373D2478321E00B84B9A /* Controllers */ = {
			isa = PBXGroup;
			children = (
				2A62373E2478321E00B84B9A /* EtapasViewController.swift */,
				2A62373F2478321E00B84B9A /* FlowInitialViewController.swift */,
				2A6237402478321E00B84B9A /* FlowFinalViewController.swift */,
				2A6237412478321E00B84B9A /* AreasTableViewController.swift */,
				2A6237422478321E00B84B9A /* MainViewController.swift */,
				2A6237432478321E00B84B9A /* FlowExtensiveContentViewController.swift */,
				2A6237442478321E00B84B9A /* OnboardingViewController.swift */,
				2A6237452478321E00B84B9A /* AreaViewController.swift */,
				2A6237462478321E00B84B9A /* FlowInputViewController.swift */,
				2A6237472478321E00B84B9A /* FlowShortContentViewController.swift */,
				2A6237482478321E00B84B9A /* NavigationControllerVC.swift */,
				2A6237492478321E00B84B9A /* AboutViewController.swift */,
				2A41122A248144EC00495571 /* CreateRoomViewController.swift */,
			);
			name = Controllers;
			path = ../../AppUser/AppUser/Controllers;
			sourceTree = "<group>";
		};
		2A6237562478324B00B84B9A /* Views */ = {
			isa = PBXGroup;
			children = (
				2A6237572478324B00B84B9A /* Etapas.storyboard */,
				2A6237582478324B00B84B9A /* FlowExtensiveContent.storyboard */,
				2A62375B2478324B00B84B9A /* Main.storyboard */,
				2A5CF461244A258C00E98022 /* LaunchScreen.storyboard */,
				2A62375D2478324B00B84B9A /* FlowFinal.storyboard */,
				2A62375E2478324B00B84B9A /* FlowInput.storyboard */,
				2A62375F2478324B00B84B9A /* FlowShortContent.storyboard */,
				2A6237602478324B00B84B9A /* FlowInitial.storyboard */,
				2A6237612478324B00B84B9A /* Area.storyboard */,
				2A6237622478324B00B84B9A /* Areas.storyboard */,
				2A411228248031DD00495571 /* CreateRoom.storyboard */,
			);
			name = Views;
			path = ../../AppUser/AppUser/Views;
			sourceTree = "<group>";
		};
		2A6237882478462700B84B9A /* SF-Font */ = {
			isa = PBXGroup;
			children = (
				2A6237892478462700B84B9A /* SF-Pro-Display-Thin.otf */,
				2A62378A2478462700B84B9A /* SF-Pro-Display-SemiboldItalic.otf */,
				2A62378B2478462700B84B9A /* SF-Pro-Display-RegularItalic.otf */,
				2A62378C2478462700B84B9A /* SF-Pro-Display-Light.otf */,
				2A62378D2478462700B84B9A /* SF-Pro-Display-Regular.otf */,
				2A62378E2478462700B84B9A /* SF-Pro-Display-Bold.otf */,
				2A62378F2478462700B84B9A /* SF-Pro-Display-Medium.otf */,
				2A6237902478462700B84B9A /* SF-Pro-Display-Heavy.otf */,
				2A6237912478462700B84B9A /* SF-Pro-Display-Semibold.otf */,
				2A6237922478462700B84B9A /* SF-Pro-Display-MediumItalic.otf */,
				2A6237932478462700B84B9A /* SF-Pro-Display-HeavyItalic.otf */,
				2A6237942478462700B84B9A /* SF-Pro-Display-Ultralight.otf */,
				2A6237952478462700B84B9A /* SF-Pro-Display-UltralightItalic.otf */,
				2A6237962478462700B84B9A /* SF-Pro-Display-LightItalic.otf */,
				2A6237972478462700B84B9A /* SF-Pro-Display-BlackItalic.otf */,
				2A6237982478462700B84B9A /* SF-Pro-Display-Black.otf */,
				2A6237992478462700B84B9A /* SF-Pro-Display-ThinItalic.otf */,
				2A62379A2478462800B84B9A /* SF-Pro-Display-BoldItalic.otf */,
			);
			name = "SF-Font";
			path = "../../AppUser/AppUser/SF-Font";
			sourceTree = "<group>";
		};
		2A6237AD2478463600B84B9A /* Extensions */ = {
			isa = PBXGroup;
			children = (
				2A6237AE2478463600B84B9A /* UILabel+Accessibility.swift */,
			);
			name = Extensions;
			path = ../../AppUser/AppUser/Extensions;
			sourceTree = "<group>";
		};
		7B7E28684E1DC298E69D69B2 /* Pods */ = {
			isa = PBXGroup;
			children = (
				7EF566179D7C83FE4CD8B05C /* Pods-AppAdm.debug.xcconfig */,
				B251DA43C74DC35F19B9FED4 /* Pods-AppAdm.release.xcconfig */,
			);
			path = Pods;
			sourceTree = "<group>";
		};
/* End PBXGroup section */

/* Begin PBXNativeTarget section */
		2A5CF44F244A258A00E98022 /* AppAdm */ = {
			isa = PBXNativeTarget;
			buildConfigurationList = 2A5CF467244A258C00E98022 /* Build configuration list for PBXNativeTarget "AppAdm" */;
			buildPhases = (
				A050E5216A35C01825CBB2D5 /* [CP] Check Pods Manifest.lock */,
				2A5CF44C244A258A00E98022 /* Sources */,
				2A5CF44D244A258A00E98022 /* Frameworks */,
				2A5CF44E244A258A00E98022 /* Resources */,
				36C5A1C1A6C2A1A0F80212E2 /* [CP] Embed Pods Frameworks */,
			);
			buildRules = (
			);
			dependencies = (
			);
			name = AppAdm;
			productName = AppAdm;
			productReference = 2A5CF450244A258A00E98022 /* AppAdm.app */;
			productType = "com.apple.product-type.application";
		};
/* End PBXNativeTarget section */

/* Begin PBXProject section */
		2A5CF448244A258A00E98022 /* Project object */ = {
			isa = PBXProject;
			attributes = {
				LastSwiftUpdateCheck = 1140;
				LastUpgradeCheck = 1140;
				ORGANIZATIONNAME = "Gabriel Ferreira";
				TargetAttributes = {
					2A5CF44F244A258A00E98022 = {
						CreatedOnToolsVersion = 11.4;
					};
				};
			};
			buildConfigurationList = 2A5CF44B244A258A00E98022 /* Build configuration list for PBXProject "AppAdm" */;
			compatibilityVersion = "Xcode 9.3";
			developmentRegion = en;
			hasScannedForEncodings = 0;
			knownRegions = (
				en,
				Base,
			);
			mainGroup = 2A5CF447244A258A00E98022;
			productRefGroup = 2A5CF451244A258A00E98022 /* Products */;
			projectDirPath = "";
			projectRoot = "";
			targets = (
				2A5CF44F244A258A00E98022 /* AppAdm */,
			);
		};
/* End PBXProject section */

/* Begin PBXResourcesBuildPhase section */
		2A5CF44E244A258A00E98022 /* Resources */ = {
			isa = PBXResourcesBuildPhase;
			buildActionMask = 2147483647;
			files = (
				2A6237A32478462800B84B9A /* SF-Pro-Display-Semibold.otf in Resources */,
				2A6237A12478462800B84B9A /* SF-Pro-Display-Medium.otf in Resources */,
				2A6237AB2478462800B84B9A /* SF-Pro-Display-ThinItalic.otf in Resources */,
				2A6237692478324B00B84B9A /* FlowShortContent.storyboard in Resources */,
				2A62373424782D5B00B84B9A /* RoomTableViewCell.xib in Resources */,
				2A6237A42478462800B84B9A /* SF-Pro-Display-MediumItalic.otf in Resources */,
				2A62379B2478462800B84B9A /* SF-Pro-Display-Thin.otf in Resources */,
				2A6237682478324B00B84B9A /* FlowInput.storyboard in Resources */,
				2A62373724782D5B00B84B9A /* SearchView.xib in Resources */,
				2A6237A22478462800B84B9A /* SF-Pro-Display-Heavy.otf in Resources */,
				2A6237A72478462800B84B9A /* SF-Pro-Display-UltralightItalic.otf in Resources */,
				2A5CF463244A258C00E98022 /* LaunchScreen.storyboard in Resources */,
				2A6237A82478462800B84B9A /* SF-Pro-Display-LightItalic.otf in Resources */,
				2A62379C2478462800B84B9A /* SF-Pro-Display-SemiboldItalic.otf in Resources */,
				2A62379E2478462800B84B9A /* SF-Pro-Display-Light.otf in Resources */,
				2A62376C2478324B00B84B9A /* Areas.storyboard in Resources */,
				2A6237A92478462800B84B9A /* SF-Pro-Display-BlackItalic.otf in Resources */,
				2A62379D2478462800B84B9A /* SF-Pro-Display-RegularItalic.otf in Resources */,
				2A6237A62478462800B84B9A /* SF-Pro-Display-Ultralight.otf in Resources */,
				2A6237A02478462800B84B9A /* SF-Pro-Display-Bold.otf in Resources */,
				2A6237662478324B00B84B9A /* Main.storyboard in Resources */,
				2A62373324782D5B00B84B9A /* InitialView.xib in Resources */,
				2A62379F2478462800B84B9A /* SF-Pro-Display-Regular.otf in Resources */,
				2A6237642478324B00B84B9A /* FlowExtensiveContent.storyboard in Resources */,
				2A5CF460244A258C00E98022 /* Assets.xcassets in Resources */,
				2A62376B2478324B00B84B9A /* Area.storyboard in Resources */,
				2A6237632478324B00B84B9A /* Etapas.storyboard in Resources */,
				2A6237AA2478462800B84B9A /* SF-Pro-Display-Black.otf in Resources */,
				2A62373B24782D5B00B84B9A /* AreaTableViewCell.xib in Resources */,
				2A6237A52478462800B84B9A /* SF-Pro-Display-HeavyItalic.otf in Resources */,
				2A6237AC2478462800B84B9A /* SF-Pro-Display-BoldItalic.otf in Resources */,
				2A411229248031DD00495571 /* CreateRoom.storyboard in Resources */,
				2A62372F24782D5B00B84B9A /* TituloEtapaViewCell.xib in Resources */,
				2A62373924782D5B00B84B9A /* ProtocolTableViewCell.xib in Resources */,
				2A6237672478324B00B84B9A /* FlowFinal.storyboard in Resources */,
				2A62376A2478324B00B84B9A /* FlowInitial.storyboard in Resources */,
				155FE61C2480159500B1B819 /* GoogleService-Info.plist in Resources */,
			);
			runOnlyForDeploymentPostprocessing = 0;
		};
/* End PBXResourcesBuildPhase section */

/* Begin PBXShellScriptBuildPhase section */
		36C5A1C1A6C2A1A0F80212E2 /* [CP] Embed Pods Frameworks */ = {
			isa = PBXShellScriptBuildPhase;
			buildActionMask = 2147483647;
			files = (
			);
			inputFileListPaths = (
				"${PODS_ROOT}/Target Support Files/Pods-AppAdm/Pods-AppAdm-frameworks-${CONFIGURATION}-input-files.xcfilelist",
			);
			name = "[CP] Embed Pods Frameworks";
			outputFileListPaths = (
				"${PODS_ROOT}/Target Support Files/Pods-AppAdm/Pods-AppAdm-frameworks-${CONFIGURATION}-output-files.xcfilelist",
			);
			runOnlyForDeploymentPostprocessing = 0;
			shellPath = /bin/sh;
			shellScript = "\"${PODS_ROOT}/Target Support Files/Pods-AppAdm/Pods-AppAdm-frameworks.sh\"\n";
			showEnvVarsInLog = 0;
		};
		A050E5216A35C01825CBB2D5 /* [CP] Check Pods Manifest.lock */ = {
			isa = PBXShellScriptBuildPhase;
			buildActionMask = 2147483647;
			files = (
			);
			inputFileListPaths = (
			);
			inputPaths = (
				"${PODS_PODFILE_DIR_PATH}/Podfile.lock",
				"${PODS_ROOT}/Manifest.lock",
			);
			name = "[CP] Check Pods Manifest.lock";
			outputFileListPaths = (
			);
			outputPaths = (
				"$(DERIVED_FILE_DIR)/Pods-AppAdm-checkManifestLockResult.txt",
			);
			runOnlyForDeploymentPostprocessing = 0;
			shellPath = /bin/sh;
			shellScript = "diff \"${PODS_PODFILE_DIR_PATH}/Podfile.lock\" \"${PODS_ROOT}/Manifest.lock\" > /dev/null\nif [ $? != 0 ] ; then\n    # print error to STDERR\n    echo \"error: The sandbox is not in sync with the Podfile.lock. Run 'pod install' or update your CocoaPods installation.\" >&2\n    exit 1\nfi\n# This output is used by Xcode 'outputs' to avoid re-running this script phase.\necho \"SUCCESS\" > \"${SCRIPT_OUTPUT_FILE_0}\"\n";
			showEnvVarsInLog = 0;
		};
/* End PBXShellScriptBuildPhase section */

/* Begin PBXSourcesBuildPhase section */
		2A5CF44C244A258A00E98022 /* Sources */ = {
			isa = PBXSourcesBuildPhase;
			buildActionMask = 2147483647;
			files = (
				2A5CF458244A258A00E98022 /* ViewController.swift in Sources */,
				2A6237512478321E00B84B9A /* AreaViewController.swift in Sources */,
				2A62373C24782D5B00B84B9A /* Etapa.swift in Sources */,
				2A62374A2478321E00B84B9A /* EtapasViewController.swift in Sources */,
				2A5CF454244A258A00E98022 /* AppDelegate.swift in Sources */,
				2A6237502478321E00B84B9A /* OnboardingViewController.swift in Sources */,
				2A62374F2478321E00B84B9A /* FlowExtensiveContentViewController.swift in Sources */,
				2A62373A24782D5B00B84B9A /* AreaTableViewCell.swift in Sources */,
				2A62374E2478321E00B84B9A /* MainViewController.swift in Sources */,
				2A62373624782D5B00B84B9A /* SearchViewHeader.swift in Sources */,
				2A62374D2478321E00B84B9A /* AreasTableViewController.swift in Sources */,
				2A62373124782D5B00B84B9A /* Room.swift in Sources */,
				2A62372D24782D5B00B84B9A /* ProtFlow.swift in Sources */,
				2A6237522478321E00B84B9A /* FlowInputViewController.swift in Sources */,
				2A6237AF2478463600B84B9A /* UILabel+Accessibility.swift in Sources */,
				2A62372E24782D5B00B84B9A /* TituloEtapaViewCell.swift in Sources */,
				2A62374C2478321E00B84B9A /* FlowFinalViewController.swift in Sources */,
				2A41122B248144EC00495571 /* CreateRoomViewController.swift in Sources */,
				2A5CF45E244A258A00E98022 /* AppAdm.xcdatamodeld in Sources */,
				2A6237532478321E00B84B9A /* FlowShortContentViewController.swift in Sources */,
				2A62373524782D5B00B84B9A /* RoomTableViewCell.swift in Sources */,
				2A62374B2478321E00B84B9A /* FlowInitialViewController.swift in Sources */,
				2A62373224782D5B00B84B9A /* InitialViewHeader.swift in Sources */,
				2A6237542478321E00B84B9A /* NavigationControllerVC.swift in Sources */,
				2A62373024782D5B00B84B9A /* RoomResponse.swift in Sources */,
				2A5CF456244A258A00E98022 /* SceneDelegate.swift in Sources */,
				2A6237552478321E00B84B9A /* AboutViewController.swift in Sources */,
				2A62373824782D5B00B84B9A /* ProtocolTableViewCell.swift in Sources */,
			);
			runOnlyForDeploymentPostprocessing = 0;
		};
/* End PBXSourcesBuildPhase section */

/* Begin PBXVariantGroup section */
		2A5CF461244A258C00E98022 /* LaunchScreen.storyboard */ = {
			isa = PBXVariantGroup;
			children = (
				2A5CF462244A258C00E98022 /* Base */,
			);
			name = LaunchScreen.storyboard;
			sourceTree = "<group>";
		};
		2A62375B2478324B00B84B9A /* Main.storyboard */ = {
			isa = PBXVariantGroup;
			children = (
				2A62375C2478324B00B84B9A /* Base */,
			);
			name = Main.storyboard;
			sourceTree = "<group>";
		};
/* End PBXVariantGroup section */

/* Begin XCBuildConfiguration section */
		2A5CF465244A258C00E98022 /* Debug */ = {
			isa = XCBuildConfiguration;
			buildSettings = {
				ALWAYS_SEARCH_USER_PATHS = NO;
				CLANG_ANALYZER_NONNULL = YES;
				CLANG_ANALYZER_NUMBER_OBJECT_CONVERSION = YES_AGGRESSIVE;
				CLANG_CXX_LANGUAGE_STANDARD = "gnu++14";
				CLANG_CXX_LIBRARY = "libc++";
				CLANG_ENABLE_MODULES = YES;
				CLANG_ENABLE_OBJC_ARC = YES;
				CLANG_ENABLE_OBJC_WEAK = YES;
				CLANG_WARN_BLOCK_CAPTURE_AUTORELEASING = YES;
				CLANG_WARN_BOOL_CONVERSION = YES;
				CLANG_WARN_COMMA = YES;
				CLANG_WARN_CONSTANT_CONVERSION = YES;
				CLANG_WARN_DEPRECATED_OBJC_IMPLEMENTATIONS = YES;
				CLANG_WARN_DIRECT_OBJC_ISA_USAGE = YES_ERROR;
				CLANG_WARN_DOCUMENTATION_COMMENTS = YES;
				CLANG_WARN_EMPTY_BODY = YES;
				CLANG_WARN_ENUM_CONVERSION = YES;
				CLANG_WARN_INFINITE_RECURSION = YES;
				CLANG_WARN_INT_CONVERSION = YES;
				CLANG_WARN_NON_LITERAL_NULL_CONVERSION = YES;
				CLANG_WARN_OBJC_IMPLICIT_RETAIN_SELF = YES;
				CLANG_WARN_OBJC_LITERAL_CONVERSION = YES;
				CLANG_WARN_OBJC_ROOT_CLASS = YES_ERROR;
				CLANG_WARN_RANGE_LOOP_ANALYSIS = YES;
				CLANG_WARN_STRICT_PROTOTYPES = YES;
				CLANG_WARN_SUSPICIOUS_MOVE = YES;
				CLANG_WARN_UNGUARDED_AVAILABILITY = YES_AGGRESSIVE;
				CLANG_WARN_UNREACHABLE_CODE = YES;
				CLANG_WARN__DUPLICATE_METHOD_MATCH = YES;
				COPY_PHASE_STRIP = NO;
				DEBUG_INFORMATION_FORMAT = dwarf;
				ENABLE_STRICT_OBJC_MSGSEND = YES;
				ENABLE_TESTABILITY = YES;
				GCC_C_LANGUAGE_STANDARD = gnu11;
				GCC_DYNAMIC_NO_PIC = NO;
				GCC_NO_COMMON_BLOCKS = YES;
				GCC_OPTIMIZATION_LEVEL = 0;
				GCC_PREPROCESSOR_DEFINITIONS = (
					"DEBUG=1",
					"$(inherited)",
				);
				GCC_WARN_64_TO_32_BIT_CONVERSION = YES;
				GCC_WARN_ABOUT_RETURN_TYPE = YES_ERROR;
				GCC_WARN_UNDECLARED_SELECTOR = YES;
				GCC_WARN_UNINITIALIZED_AUTOS = YES_AGGRESSIVE;
				GCC_WARN_UNUSED_FUNCTION = YES;
				GCC_WARN_UNUSED_VARIABLE = YES;
				IPHONEOS_DEPLOYMENT_TARGET = 13.4;
				MTL_ENABLE_DEBUG_INFO = INCLUDE_SOURCE;
				MTL_FAST_MATH = YES;
				ONLY_ACTIVE_ARCH = YES;
				SDKROOT = iphoneos;
				SWIFT_ACTIVE_COMPILATION_CONDITIONS = DEBUG;
				SWIFT_OPTIMIZATION_LEVEL = "-Onone";
			};
			name = Debug;
		};
		2A5CF466244A258C00E98022 /* Release */ = {
			isa = XCBuildConfiguration;
			buildSettings = {
				ALWAYS_SEARCH_USER_PATHS = NO;
				CLANG_ANALYZER_NONNULL = YES;
				CLANG_ANALYZER_NUMBER_OBJECT_CONVERSION = YES_AGGRESSIVE;
				CLANG_CXX_LANGUAGE_STANDARD = "gnu++14";
				CLANG_CXX_LIBRARY = "libc++";
				CLANG_ENABLE_MODULES = YES;
				CLANG_ENABLE_OBJC_ARC = YES;
				CLANG_ENABLE_OBJC_WEAK = YES;
				CLANG_WARN_BLOCK_CAPTURE_AUTORELEASING = YES;
				CLANG_WARN_BOOL_CONVERSION = YES;
				CLANG_WARN_COMMA = YES;
				CLANG_WARN_CONSTANT_CONVERSION = YES;
				CLANG_WARN_DEPRECATED_OBJC_IMPLEMENTATIONS = YES;
				CLANG_WARN_DIRECT_OBJC_ISA_USAGE = YES_ERROR;
				CLANG_WARN_DOCUMENTATION_COMMENTS = YES;
				CLANG_WARN_EMPTY_BODY = YES;
				CLANG_WARN_ENUM_CONVERSION = YES;
				CLANG_WARN_INFINITE_RECURSION = YES;
				CLANG_WARN_INT_CONVERSION = YES;
				CLANG_WARN_NON_LITERAL_NULL_CONVERSION = YES;
				CLANG_WARN_OBJC_IMPLICIT_RETAIN_SELF = YES;
				CLANG_WARN_OBJC_LITERAL_CONVERSION = YES;
				CLANG_WARN_OBJC_ROOT_CLASS = YES_ERROR;
				CLANG_WARN_RANGE_LOOP_ANALYSIS = YES;
				CLANG_WARN_STRICT_PROTOTYPES = YES;
				CLANG_WARN_SUSPICIOUS_MOVE = YES;
				CLANG_WARN_UNGUARDED_AVAILABILITY = YES_AGGRESSIVE;
				CLANG_WARN_UNREACHABLE_CODE = YES;
				CLANG_WARN__DUPLICATE_METHOD_MATCH = YES;
				COPY_PHASE_STRIP = NO;
				DEBUG_INFORMATION_FORMAT = "dwarf-with-dsym";
				ENABLE_NS_ASSERTIONS = NO;
				ENABLE_STRICT_OBJC_MSGSEND = YES;
				GCC_C_LANGUAGE_STANDARD = gnu11;
				GCC_NO_COMMON_BLOCKS = YES;
				GCC_WARN_64_TO_32_BIT_CONVERSION = YES;
				GCC_WARN_ABOUT_RETURN_TYPE = YES_ERROR;
				GCC_WARN_UNDECLARED_SELECTOR = YES;
				GCC_WARN_UNINITIALIZED_AUTOS = YES_AGGRESSIVE;
				GCC_WARN_UNUSED_FUNCTION = YES;
				GCC_WARN_UNUSED_VARIABLE = YES;
				IPHONEOS_DEPLOYMENT_TARGET = 13.4;
				MTL_ENABLE_DEBUG_INFO = NO;
				MTL_FAST_MATH = YES;
				SDKROOT = iphoneos;
				SWIFT_COMPILATION_MODE = wholemodule;
				SWIFT_OPTIMIZATION_LEVEL = "-O";
				VALIDATE_PRODUCT = YES;
			};
			name = Release;
		};
		2A5CF468244A258C00E98022 /* Debug */ = {
			isa = XCBuildConfiguration;
			baseConfigurationReference = 7EF566179D7C83FE4CD8B05C /* Pods-AppAdm.debug.xcconfig */;
			buildSettings = {
				ASSETCATALOG_COMPILER_APPICON_NAME = AppIcon;
				CODE_SIGN_STYLE = Automatic;
				DEVELOPMENT_TEAM = 5PT75G5CA6;
				INFOPLIST_FILE = AppAdm/Info.plist;
				LD_RUNPATH_SEARCH_PATHS = (
					"$(inherited)",
					"@executable_path/Frameworks",
				);
				PRODUCT_BUNDLE_IDENTIFIER = gabrielferreira.AppAdm;
				PRODUCT_NAME = "$(TARGET_NAME)";
				SWIFT_VERSION = 5.0;
				TARGETED_DEVICE_FAMILY = 1;
			};
			name = Debug;
		};
		2A5CF469244A258C00E98022 /* Release */ = {
			isa = XCBuildConfiguration;
			baseConfigurationReference = B251DA43C74DC35F19B9FED4 /* Pods-AppAdm.release.xcconfig */;
			buildSettings = {
				ASSETCATALOG_COMPILER_APPICON_NAME = AppIcon;
				CODE_SIGN_STYLE = Automatic;
				DEVELOPMENT_TEAM = 5PT75G5CA6;
				INFOPLIST_FILE = AppAdm/Info.plist;
				LD_RUNPATH_SEARCH_PATHS = (
					"$(inherited)",
					"@executable_path/Frameworks",
				);
				PRODUCT_BUNDLE_IDENTIFIER = gabrielferreira.AppAdm;
				PRODUCT_NAME = "$(TARGET_NAME)";
				SWIFT_VERSION = 5.0;
				TARGETED_DEVICE_FAMILY = 1;
			};
			name = Release;
		};
/* End XCBuildConfiguration section */

/* Begin XCConfigurationList section */
		2A5CF44B244A258A00E98022 /* Build configuration list for PBXProject "AppAdm" */ = {
			isa = XCConfigurationList;
			buildConfigurations = (
				2A5CF465244A258C00E98022 /* Debug */,
				2A5CF466244A258C00E98022 /* Release */,
			);
			defaultConfigurationIsVisible = 0;
			defaultConfigurationName = Release;
		};
		2A5CF467244A258C00E98022 /* Build configuration list for PBXNativeTarget "AppAdm" */ = {
			isa = XCConfigurationList;
			buildConfigurations = (
				2A5CF468244A258C00E98022 /* Debug */,
				2A5CF469244A258C00E98022 /* Release */,
			);
			defaultConfigurationIsVisible = 0;
			defaultConfigurationName = Release;
		};
/* End XCConfigurationList section */

/* Begin XCVersionGroup section */
		2A5CF45C244A258A00E98022 /* AppAdm.xcdatamodeld */ = {
			isa = XCVersionGroup;
			children = (
				2A5CF45D244A258A00E98022 /* AppAdm.xcdatamodel */,
			);
			currentVersion = 2A5CF45D244A258A00E98022 /* AppAdm.xcdatamodel */;
			path = AppAdm.xcdatamodeld;
			sourceTree = "<group>";
			versionGroupType = wrapper.xcdatamodel;
		};
/* End XCVersionGroup section */
	};
	rootObject = 2A5CF448244A258A00E98022 /* Project object */;
}
