// !$*UTF8*$!
{
	archiveVersion = 1;
	classes = {
	};
	objectVersion = 51;
	objects = {

/* Begin PBXBuildFile section */
		155FE61C2480159500B1B819 /* GoogleService-Info.plist in Resources */ = {isa = PBXBuildFile; fileRef = 155FE61B2480159500B1B819 /* GoogleService-Info.plist */; };
		2A5CF454244A258A00E98022 /* AppDelegate.swift in Sources */ = {isa = PBXBuildFile; fileRef = 2A5CF453244A258A00E98022 /* AppDelegate.swift */; };
		2A5CF456244A258A00E98022 /* SceneDelegate.swift in Sources */ = {isa = PBXBuildFile; fileRef = 2A5CF455244A258A00E98022 /* SceneDelegate.swift */; };
		2A5CF458244A258A00E98022 /* ViewController.swift in Sources */ = {isa = PBXBuildFile; fileRef = 2A5CF457244A258A00E98022 /* ViewController.swift */; };
		2A5CF45E244A258A00E98022 /* AppAdm.xcdatamodeld in Sources */ = {isa = PBXBuildFile; fileRef = 2A5CF45C244A258A00E98022 /* AppAdm.xcdatamodeld */; };
		2A5CF460244A258C00E98022 /* Assets.xcassets in Resources */ = {isa = PBXBuildFile; fileRef = 2A5CF45F244A258C00E98022 /* Assets.xcassets */; };
		2AEC6902248ACD8300646CD4 /* SF-Pro-Display-Thin.otf in Resources */ = {isa = PBXBuildFile; fileRef = 2AEC68BA248ACD8200646CD4 /* SF-Pro-Display-Thin.otf */; };
		2AEC6903248ACD8300646CD4 /* SF-Pro-Display-SemiboldItalic.otf in Resources */ = {isa = PBXBuildFile; fileRef = 2AEC68BB248ACD8200646CD4 /* SF-Pro-Display-SemiboldItalic.otf */; };
		2AEC6904248ACD8300646CD4 /* SF-Pro-Display-RegularItalic.otf in Resources */ = {isa = PBXBuildFile; fileRef = 2AEC68BC248ACD8200646CD4 /* SF-Pro-Display-RegularItalic.otf */; };
		2AEC6905248ACD8300646CD4 /* SF-Pro-Display-Light.otf in Resources */ = {isa = PBXBuildFile; fileRef = 2AEC68BD248ACD8200646CD4 /* SF-Pro-Display-Light.otf */; };
		2AEC6906248ACD8300646CD4 /* SF-Pro-Display-Regular.otf in Resources */ = {isa = PBXBuildFile; fileRef = 2AEC68BE248ACD8200646CD4 /* SF-Pro-Display-Regular.otf */; };
		2AEC6907248ACD8300646CD4 /* SF-Pro-Display-Bold.otf in Resources */ = {isa = PBXBuildFile; fileRef = 2AEC68BF248ACD8200646CD4 /* SF-Pro-Display-Bold.otf */; };
		2AEC6908248ACD8300646CD4 /* SF-Pro-Display-Medium.otf in Resources */ = {isa = PBXBuildFile; fileRef = 2AEC68C0248ACD8200646CD4 /* SF-Pro-Display-Medium.otf */; };
		2AEC6909248ACD8300646CD4 /* SF-Pro-Display-Heavy.otf in Resources */ = {isa = PBXBuildFile; fileRef = 2AEC68C1248ACD8200646CD4 /* SF-Pro-Display-Heavy.otf */; };
		2AEC690A248ACD8300646CD4 /* SF-Pro-Display-Semibold.otf in Resources */ = {isa = PBXBuildFile; fileRef = 2AEC68C2248ACD8200646CD4 /* SF-Pro-Display-Semibold.otf */; };
		2AEC690B248ACD8300646CD4 /* SF-Pro-Display-MediumItalic.otf in Resources */ = {isa = PBXBuildFile; fileRef = 2AEC68C3248ACD8200646CD4 /* SF-Pro-Display-MediumItalic.otf */; };
		2AEC690C248ACD8300646CD4 /* SF-Pro-Display-HeavyItalic.otf in Resources */ = {isa = PBXBuildFile; fileRef = 2AEC68C4248ACD8300646CD4 /* SF-Pro-Display-HeavyItalic.otf */; };
		2AEC690D248ACD8300646CD4 /* SF-Pro-Display-Ultralight.otf in Resources */ = {isa = PBXBuildFile; fileRef = 2AEC68C5248ACD8300646CD4 /* SF-Pro-Display-Ultralight.otf */; };
		2AEC690E248ACD8300646CD4 /* SF-Pro-Display-UltralightItalic.otf in Resources */ = {isa = PBXBuildFile; fileRef = 2AEC68C6248ACD8300646CD4 /* SF-Pro-Display-UltralightItalic.otf */; };
		2AEC690F248ACD8300646CD4 /* SF-Pro-Display-LightItalic.otf in Resources */ = {isa = PBXBuildFile; fileRef = 2AEC68C7248ACD8300646CD4 /* SF-Pro-Display-LightItalic.otf */; };
		2AEC6910248ACD8300646CD4 /* SF-Pro-Display-BlackItalic.otf in Resources */ = {isa = PBXBuildFile; fileRef = 2AEC68C8248ACD8300646CD4 /* SF-Pro-Display-BlackItalic.otf */; };
		2AEC6911248ACD8300646CD4 /* SF-Pro-Display-Black.otf in Resources */ = {isa = PBXBuildFile; fileRef = 2AEC68C9248ACD8300646CD4 /* SF-Pro-Display-Black.otf */; };
		2AEC6912248ACD8300646CD4 /* SF-Pro-Display-ThinItalic.otf in Resources */ = {isa = PBXBuildFile; fileRef = 2AEC68CA248ACD8300646CD4 /* SF-Pro-Display-ThinItalic.otf */; };
		2AEC6913248ACD8300646CD4 /* SF-Pro-Display-BoldItalic.otf in Resources */ = {isa = PBXBuildFile; fileRef = 2AEC68CB248ACD8300646CD4 /* SF-Pro-Display-BoldItalic.otf */; };
		2AEC6914248ACD8300646CD4 /* Etapas.storyboard in Resources */ = {isa = PBXBuildFile; fileRef = 2AEC68CD248ACD8300646CD4 /* Etapas.storyboard */; };
		2AEC6915248ACD8300646CD4 /* FlowExtensiveContent.storyboard in Resources */ = {isa = PBXBuildFile; fileRef = 2AEC68CE248ACD8300646CD4 /* FlowExtensiveContent.storyboard */; };
		2AEC6916248ACD8300646CD4 /* CreateRoom.storyboard in Resources */ = {isa = PBXBuildFile; fileRef = 2AEC68CF248ACD8300646CD4 /* CreateRoom.storyboard */; };
		2AEC6917248ACD8300646CD4 /* LaunchScreen.storyboard in Resources */ = {isa = PBXBuildFile; fileRef = 2AEC68D0248ACD8300646CD4 /* LaunchScreen.storyboard */; };
		2AEC6918248ACD8300646CD4 /* Main.storyboard in Resources */ = {isa = PBXBuildFile; fileRef = 2AEC68D2248ACD8300646CD4 /* Main.storyboard */; };
		2AEC6919248ACD8300646CD4 /* FlowFinal.storyboard in Resources */ = {isa = PBXBuildFile; fileRef = 2AEC68D4248ACD8300646CD4 /* FlowFinal.storyboard */; };
		2AEC691A248ACD8300646CD4 /* FlowInput.storyboard in Resources */ = {isa = PBXBuildFile; fileRef = 2AEC68D5248ACD8300646CD4 /* FlowInput.storyboard */; };
		2AEC691B248ACD8300646CD4 /* FlowShortContent.storyboard in Resources */ = {isa = PBXBuildFile; fileRef = 2AEC68D6248ACD8300646CD4 /* FlowShortContent.storyboard */; };
		2AEC691C248ACD8300646CD4 /* FlowInitial.storyboard in Resources */ = {isa = PBXBuildFile; fileRef = 2AEC68D7248ACD8300646CD4 /* FlowInitial.storyboard */; };
		2AEC691D248ACD8300646CD4 /* Area.storyboard in Resources */ = {isa = PBXBuildFile; fileRef = 2AEC68D8248ACD8300646CD4 /* Area.storyboard */; };
		2AEC691E248ACD8300646CD4 /* Areas.storyboard in Resources */ = {isa = PBXBuildFile; fileRef = 2AEC68D9248ACD8300646CD4 /* Areas.storyboard */; };
		2AEC691F248ACD8300646CD4 /* ProtFlow.swift in Sources */ = {isa = PBXBuildFile; fileRef = 2AEC68DB248ACD8300646CD4 /* ProtFlow.swift */; };
		2AEC6920248ACD8300646CD4 /* TituloEtapaViewCell.swift in Sources */ = {isa = PBXBuildFile; fileRef = 2AEC68DD248ACD8300646CD4 /* TituloEtapaViewCell.swift */; };
		2AEC6921248ACD8300646CD4 /* TituloEtapaViewCell.xib in Resources */ = {isa = PBXBuildFile; fileRef = 2AEC68DE248ACD8300646CD4 /* TituloEtapaViewCell.xib */; };
		2AEC6922248ACD8300646CD4 /* RoomResponse.swift in Sources */ = {isa = PBXBuildFile; fileRef = 2AEC68E0248ACD8300646CD4 /* RoomResponse.swift */; };
		2AEC6923248ACD8300646CD4 /* Room.swift in Sources */ = {isa = PBXBuildFile; fileRef = 2AEC68E1248ACD8300646CD4 /* Room.swift */; };
		2AEC6924248ACD8300646CD4 /* InitialViewHeader.swift in Sources */ = {isa = PBXBuildFile; fileRef = 2AEC68E3248ACD8300646CD4 /* InitialViewHeader.swift */; };
		2AEC6925248ACD8300646CD4 /* InitialView.xib in Resources */ = {isa = PBXBuildFile; fileRef = 2AEC68E4248ACD8300646CD4 /* InitialView.xib */; };
		2AEC6926248ACD8300646CD4 /* RoomTableViewCell.xib in Resources */ = {isa = PBXBuildFile; fileRef = 2AEC68E6248ACD8300646CD4 /* RoomTableViewCell.xib */; };
		2AEC6927248ACD8300646CD4 /* RoomTableViewCell.swift in Sources */ = {isa = PBXBuildFile; fileRef = 2AEC68E7248ACD8300646CD4 /* RoomTableViewCell.swift */; };
		2AEC6928248ACD8300646CD4 /* SearchViewHeader.swift in Sources */ = {isa = PBXBuildFile; fileRef = 2AEC68E9248ACD8300646CD4 /* SearchViewHeader.swift */; };
		2AEC6929248ACD8300646CD4 /* SearchView.xib in Resources */ = {isa = PBXBuildFile; fileRef = 2AEC68EA248ACD8300646CD4 /* SearchView.xib */; };
		2AEC692A248ACD8300646CD4 /* ProtocolTableViewCell.swift in Sources */ = {isa = PBXBuildFile; fileRef = 2AEC68EC248ACD8300646CD4 /* ProtocolTableViewCell.swift */; };
		2AEC692B248ACD8300646CD4 /* ProtocolTableViewCell.xib in Resources */ = {isa = PBXBuildFile; fileRef = 2AEC68ED248ACD8300646CD4 /* ProtocolTableViewCell.xib */; };
		2AEC692C248ACD8300646CD4 /* AreaTableViewCell.swift in Sources */ = {isa = PBXBuildFile; fileRef = 2AEC68EF248ACD8300646CD4 /* AreaTableViewCell.swift */; };
		2AEC692D248ACD8300646CD4 /* AreaTableViewCell.xib in Resources */ = {isa = PBXBuildFile; fileRef = 2AEC68F0248ACD8300646CD4 /* AreaTableViewCell.xib */; };
		2AEC692E248ACD8300646CD4 /* Etapa.swift in Sources */ = {isa = PBXBuildFile; fileRef = 2AEC68F1248ACD8300646CD4 /* Etapa.swift */; };
		2AEC692F248ACD8300646CD4 /* UILabel+Accessibility.swift in Sources */ = {isa = PBXBuildFile; fileRef = 2AEC68F3248ACD8300646CD4 /* UILabel+Accessibility.swift */; };
		2AEC6930248ACD8300646CD4 /* EtapasViewController.swift in Sources */ = {isa = PBXBuildFile; fileRef = 2AEC68F5248ACD8300646CD4 /* EtapasViewController.swift */; };
		2AEC6931248ACD8300646CD4 /* FlowInitialViewController.swift in Sources */ = {isa = PBXBuildFile; fileRef = 2AEC68F6248ACD8300646CD4 /* FlowInitialViewController.swift */; };
		2AEC6932248ACD8300646CD4 /* FlowFinalViewController.swift in Sources */ = {isa = PBXBuildFile; fileRef = 2AEC68F7248ACD8300646CD4 /* FlowFinalViewController.swift */; };
		2AEC6933248ACD8300646CD4 /* AreasTableViewController.swift in Sources */ = {isa = PBXBuildFile; fileRef = 2AEC68F8248ACD8300646CD4 /* AreasTableViewController.swift */; };
		2AEC6934248ACD8300646CD4 /* MainViewController.swift in Sources */ = {isa = PBXBuildFile; fileRef = 2AEC68F9248ACD8300646CD4 /* MainViewController.swift */; };
		2AEC6935248ACD8300646CD4 /* FlowExtensiveContentViewController.swift in Sources */ = {isa = PBXBuildFile; fileRef = 2AEC68FA248ACD8300646CD4 /* FlowExtensiveContentViewController.swift */; };
		2AEC6936248ACD8300646CD4 /* OnboardingViewController.swift in Sources */ = {isa = PBXBuildFile; fileRef = 2AEC68FB248ACD8300646CD4 /* OnboardingViewController.swift */; };
		2AEC6937248ACD8300646CD4 /* AreaViewController.swift in Sources */ = {isa = PBXBuildFile; fileRef = 2AEC68FC248ACD8300646CD4 /* AreaViewController.swift */; };
		2AEC6938248ACD8300646CD4 /* FlowInputViewController.swift in Sources */ = {isa = PBXBuildFile; fileRef = 2AEC68FD248ACD8300646CD4 /* FlowInputViewController.swift */; };
		2AEC6939248ACD8300646CD4 /* FlowShortContentViewController.swift in Sources */ = {isa = PBXBuildFile; fileRef = 2AEC68FE248ACD8300646CD4 /* FlowShortContentViewController.swift */; };
		2AEC693A248ACD8300646CD4 /* NavigationControllerVC.swift in Sources */ = {isa = PBXBuildFile; fileRef = 2AEC68FF248ACD8300646CD4 /* NavigationControllerVC.swift */; };
		2AEC693B248ACD8300646CD4 /* AboutViewController.swift in Sources */ = {isa = PBXBuildFile; fileRef = 2AEC6900248ACD8300646CD4 /* AboutViewController.swift */; };
		2AEC693C248ACD8300646CD4 /* CreateRoomViewController.swift in Sources */ = {isa = PBXBuildFile; fileRef = 2AEC6901248ACD8300646CD4 /* CreateRoomViewController.swift */; };
		36DA1FE9A0BFF40448979909 /* Pods_AppAdm.framework in Frameworks */ = {isa = PBXBuildFile; fileRef = 642F85D1B52B247DD604156E /* Pods_AppAdm.framework */; };
/* End PBXBuildFile section */

/* Begin PBXFileReference section */
		155FE61B2480159500B1B819 /* GoogleService-Info.plist */ = {isa = PBXFileReference; fileEncoding = 4; lastKnownFileType = text.plist.xml; path = "GoogleService-Info.plist"; sourceTree = "<group>"; };
		2A5CF450244A258A00E98022 /* AppAdm.app */ = {isa = PBXFileReference; explicitFileType = wrapper.application; includeInIndex = 0; path = AppAdm.app; sourceTree = BUILT_PRODUCTS_DIR; };
		2A5CF453244A258A00E98022 /* AppDelegate.swift */ = {isa = PBXFileReference; lastKnownFileType = sourcecode.swift; path = AppDelegate.swift; sourceTree = "<group>"; };
		2A5CF455244A258A00E98022 /* SceneDelegate.swift */ = {isa = PBXFileReference; lastKnownFileType = sourcecode.swift; path = SceneDelegate.swift; sourceTree = "<group>"; };
		2A5CF457244A258A00E98022 /* ViewController.swift */ = {isa = PBXFileReference; lastKnownFileType = sourcecode.swift; path = ViewController.swift; sourceTree = "<group>"; };
		2A5CF45D244A258A00E98022 /* AppAdm.xcdatamodel */ = {isa = PBXFileReference; lastKnownFileType = wrapper.xcdatamodel; path = AppAdm.xcdatamodel; sourceTree = "<group>"; };
		2A5CF45F244A258C00E98022 /* Assets.xcassets */ = {isa = PBXFileReference; lastKnownFileType = folder.assetcatalog; path = Assets.xcassets; sourceTree = "<group>"; };
		2A5CF464244A258C00E98022 /* Info.plist */ = {isa = PBXFileReference; lastKnownFileType = text.plist.xml; path = Info.plist; sourceTree = "<group>"; };
		2AEC68BA248ACD8200646CD4 /* SF-Pro-Display-Thin.otf */ = {isa = PBXFileReference; lastKnownFileType = file; path = "SF-Pro-Display-Thin.otf"; sourceTree = "<group>"; };
		2AEC68BB248ACD8200646CD4 /* SF-Pro-Display-SemiboldItalic.otf */ = {isa = PBXFileReference; lastKnownFileType = file; path = "SF-Pro-Display-SemiboldItalic.otf"; sourceTree = "<group>"; };
		2AEC68BC248ACD8200646CD4 /* SF-Pro-Display-RegularItalic.otf */ = {isa = PBXFileReference; lastKnownFileType = file; path = "SF-Pro-Display-RegularItalic.otf"; sourceTree = "<group>"; };
		2AEC68BD248ACD8200646CD4 /* SF-Pro-Display-Light.otf */ = {isa = PBXFileReference; lastKnownFileType = file; path = "SF-Pro-Display-Light.otf"; sourceTree = "<group>"; };
		2AEC68BE248ACD8200646CD4 /* SF-Pro-Display-Regular.otf */ = {isa = PBXFileReference; lastKnownFileType = file; path = "SF-Pro-Display-Regular.otf"; sourceTree = "<group>"; };
		2AEC68BF248ACD8200646CD4 /* SF-Pro-Display-Bold.otf */ = {isa = PBXFileReference; lastKnownFileType = file; path = "SF-Pro-Display-Bold.otf"; sourceTree = "<group>"; };
		2AEC68C0248ACD8200646CD4 /* SF-Pro-Display-Medium.otf */ = {isa = PBXFileReference; lastKnownFileType = file; path = "SF-Pro-Display-Medium.otf"; sourceTree = "<group>"; };
		2AEC68C1248ACD8200646CD4 /* SF-Pro-Display-Heavy.otf */ = {isa = PBXFileReference; lastKnownFileType = file; path = "SF-Pro-Display-Heavy.otf"; sourceTree = "<group>"; };
		2AEC68C2248ACD8200646CD4 /* SF-Pro-Display-Semibold.otf */ = {isa = PBXFileReference; lastKnownFileType = file; path = "SF-Pro-Display-Semibold.otf"; sourceTree = "<group>"; };
		2AEC68C3248ACD8200646CD4 /* SF-Pro-Display-MediumItalic.otf */ = {isa = PBXFileReference; lastKnownFileType = file; path = "SF-Pro-Display-MediumItalic.otf"; sourceTree = "<group>"; };
		2AEC68C4248ACD8300646CD4 /* SF-Pro-Display-HeavyItalic.otf */ = {isa = PBXFileReference; lastKnownFileType = file; path = "SF-Pro-Display-HeavyItalic.otf"; sourceTree = "<group>"; };
		2AEC68C5248ACD8300646CD4 /* SF-Pro-Display-Ultralight.otf */ = {isa = PBXFileReference; lastKnownFileType = file; path = "SF-Pro-Display-Ultralight.otf"; sourceTree = "<group>"; };
		2AEC68C6248ACD8300646CD4 /* SF-Pro-Display-UltralightItalic.otf */ = {isa = PBXFileReference; lastKnownFileType = file; path = "SF-Pro-Display-UltralightItalic.otf"; sourceTree = "<group>"; };
		2AEC68C7248ACD8300646CD4 /* SF-Pro-Display-LightItalic.otf */ = {isa = PBXFileReference; lastKnownFileType = file; path = "SF-Pro-Display-LightItalic.otf"; sourceTree = "<group>"; };
		2AEC68C8248ACD8300646CD4 /* SF-Pro-Display-BlackItalic.otf */ = {isa = PBXFileReference; lastKnownFileType = file; path = "SF-Pro-Display-BlackItalic.otf"; sourceTree = "<group>"; };
		2AEC68C9248ACD8300646CD4 /* SF-Pro-Display-Black.otf */ = {isa = PBXFileReference; lastKnownFileType = file; path = "SF-Pro-Display-Black.otf"; sourceTree = "<group>"; };
		2AEC68CA248ACD8300646CD4 /* SF-Pro-Display-ThinItalic.otf */ = {isa = PBXFileReference; lastKnownFileType = file; path = "SF-Pro-Display-ThinItalic.otf"; sourceTree = "<group>"; };
		2AEC68CB248ACD8300646CD4 /* SF-Pro-Display-BoldItalic.otf */ = {isa = PBXFileReference; lastKnownFileType = file; path = "SF-Pro-Display-BoldItalic.otf"; sourceTree = "<group>"; };
		2AEC68CD248ACD8300646CD4 /* Etapas.storyboard */ = {isa = PBXFileReference; fileEncoding = 4; lastKnownFileType = file.storyboard; path = Etapas.storyboard; sourceTree = "<group>"; };
		2AEC68CE248ACD8300646CD4 /* FlowExtensiveContent.storyboard */ = {isa = PBXFileReference; fileEncoding = 4; lastKnownFileType = file.storyboard; path = FlowExtensiveContent.storyboard; sourceTree = "<group>"; };
		2AEC68CF248ACD8300646CD4 /* CreateRoom.storyboard */ = {isa = PBXFileReference; fileEncoding = 4; lastKnownFileType = file.storyboard; path = CreateRoom.storyboard; sourceTree = "<group>"; };
		2AEC68D1248ACD8300646CD4 /* Base */ = {isa = PBXFileReference; lastKnownFileType = file.storyboard; name = Base; path = Base.lproj/LaunchScreen.storyboard; sourceTree = "<group>"; };
		2AEC68D3248ACD8300646CD4 /* Base */ = {isa = PBXFileReference; lastKnownFileType = file.storyboard; name = Base; path = Base.lproj/Main.storyboard; sourceTree = "<group>"; };
		2AEC68D4248ACD8300646CD4 /* FlowFinal.storyboard */ = {isa = PBXFileReference; fileEncoding = 4; lastKnownFileType = file.storyboard; path = FlowFinal.storyboard; sourceTree = "<group>"; };
		2AEC68D5248ACD8300646CD4 /* FlowInput.storyboard */ = {isa = PBXFileReference; fileEncoding = 4; lastKnownFileType = file.storyboard; path = FlowInput.storyboard; sourceTree = "<group>"; };
		2AEC68D6248ACD8300646CD4 /* FlowShortContent.storyboard */ = {isa = PBXFileReference; fileEncoding = 4; lastKnownFileType = file.storyboard; path = FlowShortContent.storyboard; sourceTree = "<group>"; };
		2AEC68D7248ACD8300646CD4 /* FlowInitial.storyboard */ = {isa = PBXFileReference; fileEncoding = 4; lastKnownFileType = file.storyboard; path = FlowInitial.storyboard; sourceTree = "<group>"; };
		2AEC68D8248ACD8300646CD4 /* Area.storyboard */ = {isa = PBXFileReference; fileEncoding = 4; lastKnownFileType = file.storyboard; path = Area.storyboard; sourceTree = "<group>"; };
		2AEC68D9248ACD8300646CD4 /* Areas.storyboard */ = {isa = PBXFileReference; fileEncoding = 4; lastKnownFileType = file.storyboard; path = Areas.storyboard; sourceTree = "<group>"; };
		2AEC68DB248ACD8300646CD4 /* ProtFlow.swift */ = {isa = PBXFileReference; fileEncoding = 4; lastKnownFileType = sourcecode.swift; path = ProtFlow.swift; sourceTree = "<group>"; };
		2AEC68DD248ACD8300646CD4 /* TituloEtapaViewCell.swift */ = {isa = PBXFileReference; fileEncoding = 4; lastKnownFileType = sourcecode.swift; path = TituloEtapaViewCell.swift; sourceTree = "<group>"; };
		2AEC68DE248ACD8300646CD4 /* TituloEtapaViewCell.xib */ = {isa = PBXFileReference; fileEncoding = 4; lastKnownFileType = file.xib; path = TituloEtapaViewCell.xib; sourceTree = "<group>"; };
		2AEC68E0248ACD8300646CD4 /* RoomResponse.swift */ = {isa = PBXFileReference; fileEncoding = 4; lastKnownFileType = sourcecode.swift; path = RoomResponse.swift; sourceTree = "<group>"; };
		2AEC68E1248ACD8300646CD4 /* Room.swift */ = {isa = PBXFileReference; fileEncoding = 4; lastKnownFileType = sourcecode.swift; path = Room.swift; sourceTree = "<group>"; };
		2AEC68E3248ACD8300646CD4 /* InitialViewHeader.swift */ = {isa = PBXFileReference; fileEncoding = 4; lastKnownFileType = sourcecode.swift; path = InitialViewHeader.swift; sourceTree = "<group>"; };
		2AEC68E4248ACD8300646CD4 /* InitialView.xib */ = {isa = PBXFileReference; fileEncoding = 4; lastKnownFileType = file.xib; path = InitialView.xib; sourceTree = "<group>"; };
		2AEC68E6248ACD8300646CD4 /* RoomTableViewCell.xib */ = {isa = PBXFileReference; fileEncoding = 4; lastKnownFileType = file.xib; path = RoomTableViewCell.xib; sourceTree = "<group>"; };
		2AEC68E7248ACD8300646CD4 /* RoomTableViewCell.swift */ = {isa = PBXFileReference; fileEncoding = 4; lastKnownFileType = sourcecode.swift; path = RoomTableViewCell.swift; sourceTree = "<group>"; };
		2AEC68E9248ACD8300646CD4 /* SearchViewHeader.swift */ = {isa = PBXFileReference; fileEncoding = 4; lastKnownFileType = sourcecode.swift; path = SearchViewHeader.swift; sourceTree = "<group>"; };
		2AEC68EA248ACD8300646CD4 /* SearchView.xib */ = {isa = PBXFileReference; fileEncoding = 4; lastKnownFileType = file.xib; path = SearchView.xib; sourceTree = "<group>"; };
		2AEC68EC248ACD8300646CD4 /* ProtocolTableViewCell.swift */ = {isa = PBXFileReference; fileEncoding = 4; lastKnownFileType = sourcecode.swift; path = ProtocolTableViewCell.swift; sourceTree = "<group>"; };
		2AEC68ED248ACD8300646CD4 /* ProtocolTableViewCell.xib */ = {isa = PBXFileReference; fileEncoding = 4; lastKnownFileType = file.xib; path = ProtocolTableViewCell.xib; sourceTree = "<group>"; };
		2AEC68EF248ACD8300646CD4 /* AreaTableViewCell.swift */ = {isa = PBXFileReference; fileEncoding = 4; lastKnownFileType = sourcecode.swift; path = AreaTableViewCell.swift; sourceTree = "<group>"; };
		2AEC68F0248ACD8300646CD4 /* AreaTableViewCell.xib */ = {isa = PBXFileReference; fileEncoding = 4; lastKnownFileType = file.xib; path = AreaTableViewCell.xib; sourceTree = "<group>"; };
		2AEC68F1248ACD8300646CD4 /* Etapa.swift */ = {isa = PBXFileReference; fileEncoding = 4; lastKnownFileType = sourcecode.swift; path = Etapa.swift; sourceTree = "<group>"; };
		2AEC68F3248ACD8300646CD4 /* UILabel+Accessibility.swift */ = {isa = PBXFileReference; fileEncoding = 4; lastKnownFileType = sourcecode.swift; path = "UILabel+Accessibility.swift"; sourceTree = "<group>"; };
		2AEC68F5248ACD8300646CD4 /* EtapasViewController.swift */ = {isa = PBXFileReference; fileEncoding = 4; lastKnownFileType = sourcecode.swift; path = EtapasViewController.swift; sourceTree = "<group>"; };
		2AEC68F6248ACD8300646CD4 /* FlowInitialViewController.swift */ = {isa = PBXFileReference; fileEncoding = 4; lastKnownFileType = sourcecode.swift; path = FlowInitialViewController.swift; sourceTree = "<group>"; };
		2AEC68F7248ACD8300646CD4 /* FlowFinalViewController.swift */ = {isa = PBXFileReference; fileEncoding = 4; lastKnownFileType = sourcecode.swift; path = FlowFinalViewController.swift; sourceTree = "<group>"; };
		2AEC68F8248ACD8300646CD4 /* AreasTableViewController.swift */ = {isa = PBXFileReference; fileEncoding = 4; lastKnownFileType = sourcecode.swift; path = AreasTableViewController.swift; sourceTree = "<group>"; };
		2AEC68F9248ACD8300646CD4 /* MainViewController.swift */ = {isa = PBXFileReference; fileEncoding = 4; lastKnownFileType = sourcecode.swift; path = MainViewController.swift; sourceTree = "<group>"; };
		2AEC68FA248ACD8300646CD4 /* FlowExtensiveContentViewController.swift */ = {isa = PBXFileReference; fileEncoding = 4; lastKnownFileType = sourcecode.swift; path = FlowExtensiveContentViewController.swift; sourceTree = "<group>"; };
		2AEC68FB248ACD8300646CD4 /* OnboardingViewController.swift */ = {isa = PBXFileReference; fileEncoding = 4; lastKnownFileType = sourcecode.swift; path = OnboardingViewController.swift; sourceTree = "<group>"; };
		2AEC68FC248ACD8300646CD4 /* AreaViewController.swift */ = {isa = PBXFileReference; fileEncoding = 4; lastKnownFileType = sourcecode.swift; path = AreaViewController.swift; sourceTree = "<group>"; };
		2AEC68FD248ACD8300646CD4 /* FlowInputViewController.swift */ = {isa = PBXFileReference; fileEncoding = 4; lastKnownFileType = sourcecode.swift; path = FlowInputViewController.swift; sourceTree = "<group>"; };
		2AEC68FE248ACD8300646CD4 /* FlowShortContentViewController.swift */ = {isa = PBXFileReference; fileEncoding = 4; lastKnownFileType = sourcecode.swift; path = FlowShortContentViewController.swift; sourceTree = "<group>"; };
		2AEC68FF248ACD8300646CD4 /* NavigationControllerVC.swift */ = {isa = PBXFileReference; fileEncoding = 4; lastKnownFileType = sourcecode.swift; path = NavigationControllerVC.swift; sourceTree = "<group>"; };
		2AEC6900248ACD8300646CD4 /* AboutViewController.swift */ = {isa = PBXFileReference; fileEncoding = 4; lastKnownFileType = sourcecode.swift; path = AboutViewController.swift; sourceTree = "<group>"; };
		2AEC6901248ACD8300646CD4 /* CreateRoomViewController.swift */ = {isa = PBXFileReference; fileEncoding = 4; lastKnownFileType = sourcecode.swift; path = CreateRoomViewController.swift; sourceTree = "<group>"; };
		642F85D1B52B247DD604156E /* Pods_AppAdm.framework */ = {isa = PBXFileReference; explicitFileType = wrapper.framework; includeInIndex = 0; path = Pods_AppAdm.framework; sourceTree = BUILT_PRODUCTS_DIR; };
		7EF566179D7C83FE4CD8B05C /* Pods-AppAdm.debug.xcconfig */ = {isa = PBXFileReference; includeInIndex = 1; lastKnownFileType = text.xcconfig; name = "Pods-AppAdm.debug.xcconfig"; path = "Target Support Files/Pods-AppAdm/Pods-AppAdm.debug.xcconfig"; sourceTree = "<group>"; };
		B251DA43C74DC35F19B9FED4 /* Pods-AppAdm.release.xcconfig */ = {isa = PBXFileReference; includeInIndex = 1; lastKnownFileType = text.xcconfig; name = "Pods-AppAdm.release.xcconfig"; path = "Target Support Files/Pods-AppAdm/Pods-AppAdm.release.xcconfig"; sourceTree = "<group>"; };
/* End PBXFileReference section */

/* Begin PBXFrameworksBuildPhase section */
		2A5CF44D244A258A00E98022 /* Frameworks */ = {
			isa = PBXFrameworksBuildPhase;
			buildActionMask = 2147483647;
			files = (
				36DA1FE9A0BFF40448979909 /* Pods_AppAdm.framework in Frameworks */,
			);
			runOnlyForDeploymentPostprocessing = 0;
		};
/* End PBXFrameworksBuildPhase section */

/* Begin PBXGroup section */
		0F5A7DF172967DEE4BC24186 /* Frameworks */ = {
			isa = PBXGroup;
			children = (
				642F85D1B52B247DD604156E /* Pods_AppAdm.framework */,
			);
			name = Frameworks;
			sourceTree = "<group>";
		};
		2A5CF447244A258A00E98022 = {
			isa = PBXGroup;
			children = (
				2A5CF452244A258A00E98022 /* AppAdm */,
				2A5CF451244A258A00E98022 /* Products */,
				7B7E28684E1DC298E69D69B2 /* Pods */,
				0F5A7DF172967DEE4BC24186 /* Frameworks */,
			);
			sourceTree = "<group>";
		};
		2A5CF451244A258A00E98022 /* Products */ = {
			isa = PBXGroup;
			children = (
				2A5CF450244A258A00E98022 /* AppAdm.app */,
			);
			name = Products;
			sourceTree = "<group>";
		};
		2A5CF452244A258A00E98022 /* AppAdm */ = {
			isa = PBXGroup;
			children = (
				2AEC68F4248ACD8300646CD4 /* Controllers */,
				2AEC68F2248ACD8300646CD4 /* Extensions */,
				2AEC68DA248ACD8300646CD4 /* Models */,
				2AEC68B9248ACD8200646CD4 /* SF-Font */,
				2AEC68CC248ACD8300646CD4 /* Views */,
				155FE61B2480159500B1B819 /* GoogleService-Info.plist */,
				2A5CF453244A258A00E98022 /* AppDelegate.swift */,
				2A5CF455244A258A00E98022 /* SceneDelegate.swift */,
				2A5CF457244A258A00E98022 /* ViewController.swift */,
				2A5CF45F244A258C00E98022 /* Assets.xcassets */,
				2A5CF464244A258C00E98022 /* Info.plist */,
				2A5CF45C244A258A00E98022 /* AppAdm.xcdatamodeld */,
			);
			path = AppAdm;
			sourceTree = "<group>";
		};
		2AEC68B9248ACD8200646CD4 /* SF-Font */ = {
			isa = PBXGroup;
			children = (
				2AEC68BA248ACD8200646CD4 /* SF-Pro-Display-Thin.otf */,
				2AEC68BB248ACD8200646CD4 /* SF-Pro-Display-SemiboldItalic.otf */,
				2AEC68BC248ACD8200646CD4 /* SF-Pro-Display-RegularItalic.otf */,
				2AEC68BD248ACD8200646CD4 /* SF-Pro-Display-Light.otf */,
				2AEC68BE248ACD8200646CD4 /* SF-Pro-Display-Regular.otf */,
				2AEC68BF248ACD8200646CD4 /* SF-Pro-Display-Bold.otf */,
				2AEC68C0248ACD8200646CD4 /* SF-Pro-Display-Medium.otf */,
				2AEC68C1248ACD8200646CD4 /* SF-Pro-Display-Heavy.otf */,
				2AEC68C2248ACD8200646CD4 /* SF-Pro-Display-Semibold.otf */,
				2AEC68C3248ACD8200646CD4 /* SF-Pro-Display-MediumItalic.otf */,
				2AEC68C4248ACD8300646CD4 /* SF-Pro-Display-HeavyItalic.otf */,
				2AEC68C5248ACD8300646CD4 /* SF-Pro-Display-Ultralight.otf */,
				2AEC68C6248ACD8300646CD4 /* SF-Pro-Display-UltralightItalic.otf */,
				2AEC68C7248ACD8300646CD4 /* SF-Pro-Display-LightItalic.otf */,
				2AEC68C8248ACD8300646CD4 /* SF-Pro-Display-BlackItalic.otf */,
				2AEC68C9248ACD8300646CD4 /* SF-Pro-Display-Black.otf */,
				2AEC68CA248ACD8300646CD4 /* SF-Pro-Display-ThinItalic.otf */,
				2AEC68CB248ACD8300646CD4 /* SF-Pro-Display-BoldItalic.otf */,
			);
			path = "SF-Font";
			sourceTree = "<group>";
		};
		2AEC68CC248ACD8300646CD4 /* Views */ = {
			isa = PBXGroup;
			children = (
				2AEC68CD248ACD8300646CD4 /* Etapas.storyboard */,
				2AEC68CE248ACD8300646CD4 /* FlowExtensiveContent.storyboard */,
				2AEC68CF248ACD8300646CD4 /* CreateRoom.storyboard */,
				2AEC68D0248ACD8300646CD4 /* LaunchScreen.storyboard */,
				2AEC68D2248ACD8300646CD4 /* Main.storyboard */,
				2AEC68D4248ACD8300646CD4 /* FlowFinal.storyboard */,
				2AEC68D5248ACD8300646CD4 /* FlowInput.storyboard */,
				2AEC68D6248ACD8300646CD4 /* FlowShortContent.storyboard */,
				2AEC68D7248ACD8300646CD4 /* FlowInitial.storyboard */,
				2AEC68D8248ACD8300646CD4 /* Area.storyboard */,
				2AEC68D9248ACD8300646CD4 /* Areas.storyboard */,
			);
			path = Views;
			sourceTree = "<group>";
		};
		2AEC68DA248ACD8300646CD4 /* Models */ = {
			isa = PBXGroup;
			children = (
				2AEC68DB248ACD8300646CD4 /* ProtFlow.swift */,
				2AEC68DC248ACD8300646CD4 /* TituloEtapaCell */,
				2AEC68DF248ACD8300646CD4 /* Network */,
				2AEC68E1248ACD8300646CD4 /* Room.swift */,
				2AEC68E2248ACD8300646CD4 /* InitialSection */,
				2AEC68E5248ACD8300646CD4 /* RoomCell */,
				2AEC68E8248ACD8300646CD4 /* SearchView */,
				2AEC68EB248ACD8300646CD4 /* ProtocolCell */,
				2AEC68EE248ACD8300646CD4 /* AreaCell */,
				2AEC68F1248ACD8300646CD4 /* Etapa.swift */,
			);
			path = Models;
			sourceTree = "<group>";
		};
		2AEC68DC248ACD8300646CD4 /* TituloEtapaCell */ = {
			isa = PBXGroup;
			children = (
				2AEC68DD248ACD8300646CD4 /* TituloEtapaViewCell.swift */,
				2AEC68DE248ACD8300646CD4 /* TituloEtapaViewCell.xib */,
			);
			path = TituloEtapaCell;
			sourceTree = "<group>";
		};
		2AEC68DF248ACD8300646CD4 /* Network */ = {
			isa = PBXGroup;
			children = (
				2AEC68E0248ACD8300646CD4 /* RoomResponse.swift */,
			);
			path = Network;
			sourceTree = "<group>";
		};
		2AEC68E2248ACD8300646CD4 /* InitialSection */ = {
			isa = PBXGroup;
			children = (
				2AEC68E3248ACD8300646CD4 /* InitialViewHeader.swift */,
				2AEC68E4248ACD8300646CD4 /* InitialView.xib */,
			);
			path = InitialSection;
			sourceTree = "<group>";
		};
		2AEC68E5248ACD8300646CD4 /* RoomCell */ = {
			isa = PBXGroup;
			children = (
				2AEC68E6248ACD8300646CD4 /* RoomTableViewCell.xib */,
				2AEC68E7248ACD8300646CD4 /* RoomTableViewCell.swift */,
			);
			path = RoomCell;
			sourceTree = "<group>";
		};
		2AEC68E8248ACD8300646CD4 /* SearchView */ = {
			isa = PBXGroup;
			children = (
				2AEC68E9248ACD8300646CD4 /* SearchViewHeader.swift */,
				2AEC68EA248ACD8300646CD4 /* SearchView.xib */,
			);
			path = SearchView;
			sourceTree = "<group>";
		};
		2AEC68EB248ACD8300646CD4 /* ProtocolCell */ = {
			isa = PBXGroup;
			children = (
				2AEC68EC248ACD8300646CD4 /* ProtocolTableViewCell.swift */,
				2AEC68ED248ACD8300646CD4 /* ProtocolTableViewCell.xib */,
			);
			path = ProtocolCell;
			sourceTree = "<group>";
		};
		2AEC68EE248ACD8300646CD4 /* AreaCell */ = {
			isa = PBXGroup;
			children = (
				2AEC68EF248ACD8300646CD4 /* AreaTableViewCell.swift */,
				2AEC68F0248ACD8300646CD4 /* AreaTableViewCell.xib */,
			);
			path = AreaCell;
			sourceTree = "<group>";
		};
		2AEC68F2248ACD8300646CD4 /* Extensions */ = {
			isa = PBXGroup;
			children = (
				2AEC68F3248ACD8300646CD4 /* UILabel+Accessibility.swift */,
			);
			path = Extensions;
			sourceTree = "<group>";
		};
		2AEC68F4248ACD8300646CD4 /* Controllers */ = {
			isa = PBXGroup;
			children = (
				2AEC68F5248ACD8300646CD4 /* EtapasViewController.swift */,
				2AEC68F6248ACD8300646CD4 /* FlowInitialViewController.swift */,
				2AEC68F7248ACD8300646CD4 /* FlowFinalViewController.swift */,
				2AEC68F8248ACD8300646CD4 /* AreasTableViewController.swift */,
				2AEC68F9248ACD8300646CD4 /* MainViewController.swift */,
				2AEC68FA248ACD8300646CD4 /* FlowExtensiveContentViewController.swift */,
				2AEC68FB248ACD8300646CD4 /* OnboardingViewController.swift */,
				2AEC68FC248ACD8300646CD4 /* AreaViewController.swift */,
				2AEC68FD248ACD8300646CD4 /* FlowInputViewController.swift */,
				2AEC68FE248ACD8300646CD4 /* FlowShortContentViewController.swift */,
				2AEC68FF248ACD8300646CD4 /* NavigationControllerVC.swift */,
				2AEC6900248ACD8300646CD4 /* AboutViewController.swift */,
				2AEC6901248ACD8300646CD4 /* CreateRoomViewController.swift */,
			);
			path = Controllers;
			sourceTree = "<group>";
		};
		7B7E28684E1DC298E69D69B2 /* Pods */ = {
			isa = PBXGroup;
			children = (
				7EF566179D7C83FE4CD8B05C /* Pods-AppAdm.debug.xcconfig */,
				B251DA43C74DC35F19B9FED4 /* Pods-AppAdm.release.xcconfig */,
			);
			path = Pods;
			sourceTree = "<group>";
		};
/* End PBXGroup section */

/* Begin PBXNativeTarget section */
		2A5CF44F244A258A00E98022 /* AppAdm */ = {
			isa = PBXNativeTarget;
			buildConfigurationList = 2A5CF467244A258C00E98022 /* Build configuration list for PBXNativeTarget "AppAdm" */;
			buildPhases = (
				A050E5216A35C01825CBB2D5 /* [CP] Check Pods Manifest.lock */,
				2A5CF44C244A258A00E98022 /* Sources */,
				2A5CF44D244A258A00E98022 /* Frameworks */,
				2A5CF44E244A258A00E98022 /* Resources */,
				36C5A1C1A6C2A1A0F80212E2 /* [CP] Embed Pods Frameworks */,
			);
			buildRules = (
			);
			dependencies = (
			);
			name = AppAdm;
			productName = AppAdm;
			productReference = 2A5CF450244A258A00E98022 /* AppAdm.app */;
			productType = "com.apple.product-type.application";
		};
/* End PBXNativeTarget section */

/* Begin PBXProject section */
		2A5CF448244A258A00E98022 /* Project object */ = {
			isa = PBXProject;
			attributes = {
				LastSwiftUpdateCheck = 1140;
				LastUpgradeCheck = 1140;
				ORGANIZATIONNAME = "Gabriel Ferreira";
				TargetAttributes = {
					2A5CF44F244A258A00E98022 = {
						CreatedOnToolsVersion = 11.4;
					};
				};
			};
			buildConfigurationList = 2A5CF44B244A258A00E98022 /* Build configuration list for PBXProject "AppAdm" */;
			compatibilityVersion = "Xcode 9.3";
			developmentRegion = en;
			hasScannedForEncodings = 0;
			knownRegions = (
				en,
				Base,
			);
			mainGroup = 2A5CF447244A258A00E98022;
			productRefGroup = 2A5CF451244A258A00E98022 /* Products */;
			projectDirPath = "";
			projectRoot = "";
			targets = (
				2A5CF44F244A258A00E98022 /* AppAdm */,
			);
		};
/* End PBXProject section */

/* Begin PBXResourcesBuildPhase section */
		2A5CF44E244A258A00E98022 /* Resources */ = {
			isa = PBXResourcesBuildPhase;
			buildActionMask = 2147483647;
			files = (
				2AEC6903248ACD8300646CD4 /* SF-Pro-Display-SemiboldItalic.otf in Resources */,
				2AEC6929248ACD8300646CD4 /* SearchView.xib in Resources */,
				2AEC6918248ACD8300646CD4 /* Main.storyboard in Resources */,
				2AEC6910248ACD8300646CD4 /* SF-Pro-Display-BlackItalic.otf in Resources */,
				2AEC6909248ACD8300646CD4 /* SF-Pro-Display-Heavy.otf in Resources */,
				2AEC690C248ACD8300646CD4 /* SF-Pro-Display-HeavyItalic.otf in Resources */,
				2A5CF460244A258C00E98022 /* Assets.xcassets in Resources */,
				155FE61C2480159500B1B819 /* GoogleService-Info.plist in Resources */,
				2AEC690B248ACD8300646CD4 /* SF-Pro-Display-MediumItalic.otf in Resources */,
				2AEC6904248ACD8300646CD4 /* SF-Pro-Display-RegularItalic.otf in Resources */,
				2AEC6905248ACD8300646CD4 /* SF-Pro-Display-Light.otf in Resources */,
				2AEC6917248ACD8300646CD4 /* LaunchScreen.storyboard in Resources */,
				2AEC6925248ACD8300646CD4 /* InitialView.xib in Resources */,
				2AEC691A248ACD8300646CD4 /* FlowInput.storyboard in Resources */,
				2AEC6906248ACD8300646CD4 /* SF-Pro-Display-Regular.otf in Resources */,
				2AEC692B248ACD8300646CD4 /* ProtocolTableViewCell.xib in Resources */,
				2AEC6913248ACD8300646CD4 /* SF-Pro-Display-BoldItalic.otf in Resources */,
				2AEC6914248ACD8300646CD4 /* Etapas.storyboard in Resources */,
				2AEC6921248ACD8300646CD4 /* TituloEtapaViewCell.xib in Resources */,
				2AEC690E248ACD8300646CD4 /* SF-Pro-Display-UltralightItalic.otf in Resources */,
				2AEC6911248ACD8300646CD4 /* SF-Pro-Display-Black.otf in Resources */,
				2AEC6915248ACD8300646CD4 /* FlowExtensiveContent.storyboard in Resources */,
				2AEC691E248ACD8300646CD4 /* Areas.storyboard in Resources */,
				2AEC6916248ACD8300646CD4 /* CreateRoom.storyboard in Resources */,
				2AEC691D248ACD8300646CD4 /* Area.storyboard in Resources */,
				2AEC691C248ACD8300646CD4 /* FlowInitial.storyboard in Resources */,
				2AEC690F248ACD8300646CD4 /* SF-Pro-Display-LightItalic.otf in Resources */,
				2AEC690D248ACD8300646CD4 /* SF-Pro-Display-Ultralight.otf in Resources */,
				2AEC691B248ACD8300646CD4 /* FlowShortContent.storyboard in Resources */,
				2AEC6908248ACD8300646CD4 /* SF-Pro-Display-Medium.otf in Resources */,
				2AEC6907248ACD8300646CD4 /* SF-Pro-Display-Bold.otf in Resources */,
				2AEC690A248ACD8300646CD4 /* SF-Pro-Display-Semibold.otf in Resources */,
				2AEC6926248ACD8300646CD4 /* RoomTableViewCell.xib in Resources */,
				2AEC692D248ACD8300646CD4 /* AreaTableViewCell.xib in Resources */,
				2AEC6902248ACD8300646CD4 /* SF-Pro-Display-Thin.otf in Resources */,
				2AEC6912248ACD8300646CD4 /* SF-Pro-Display-ThinItalic.otf in Resources */,
				2AEC6919248ACD8300646CD4 /* FlowFinal.storyboard in Resources */,
			);
			runOnlyForDeploymentPostprocessing = 0;
		};
/* End PBXResourcesBuildPhase section */

/* Begin PBXShellScriptBuildPhase section */
		36C5A1C1A6C2A1A0F80212E2 /* [CP] Embed Pods Frameworks */ = {
			isa = PBXShellScriptBuildPhase;
			buildActionMask = 2147483647;
			files = (
			);
			inputFileListPaths = (
				"${PODS_ROOT}/Target Support Files/Pods-AppAdm/Pods-AppAdm-frameworks-${CONFIGURATION}-input-files.xcfilelist",
			);
			name = "[CP] Embed Pods Frameworks";
			outputFileListPaths = (
				"${PODS_ROOT}/Target Support Files/Pods-AppAdm/Pods-AppAdm-frameworks-${CONFIGURATION}-output-files.xcfilelist",
			);
			runOnlyForDeploymentPostprocessing = 0;
			shellPath = /bin/sh;
			shellScript = "\"${PODS_ROOT}/Target Support Files/Pods-AppAdm/Pods-AppAdm-frameworks.sh\"\n";
			showEnvVarsInLog = 0;
		};
		A050E5216A35C01825CBB2D5 /* [CP] Check Pods Manifest.lock */ = {
			isa = PBXShellScriptBuildPhase;
			buildActionMask = 2147483647;
			files = (
			);
			inputFileListPaths = (
			);
			inputPaths = (
				"${PODS_PODFILE_DIR_PATH}/Podfile.lock",
				"${PODS_ROOT}/Manifest.lock",
			);
			name = "[CP] Check Pods Manifest.lock";
			outputFileListPaths = (
			);
			outputPaths = (
				"$(DERIVED_FILE_DIR)/Pods-AppAdm-checkManifestLockResult.txt",
			);
			runOnlyForDeploymentPostprocessing = 0;
			shellPath = /bin/sh;
			shellScript = "diff \"${PODS_PODFILE_DIR_PATH}/Podfile.lock\" \"${PODS_ROOT}/Manifest.lock\" > /dev/null\nif [ $? != 0 ] ; then\n    # print error to STDERR\n    echo \"error: The sandbox is not in sync with the Podfile.lock. Run 'pod install' or update your CocoaPods installation.\" >&2\n    exit 1\nfi\n# This output is used by Xcode 'outputs' to avoid re-running this script phase.\necho \"SUCCESS\" > \"${SCRIPT_OUTPUT_FILE_0}\"\n";
			showEnvVarsInLog = 0;
		};
/* End PBXShellScriptBuildPhase section */

/* Begin PBXSourcesBuildPhase section */
		2A5CF44C244A258A00E98022 /* Sources */ = {
			isa = PBXSourcesBuildPhase;
			buildActionMask = 2147483647;
			files = (
				2A5CF458244A258A00E98022 /* ViewController.swift in Sources */,
				2AEC692E248ACD8300646CD4 /* Etapa.swift in Sources */,
				2AEC6933248ACD8300646CD4 /* AreasTableViewController.swift in Sources */,
				2AEC6930248ACD8300646CD4 /* EtapasViewController.swift in Sources */,
				2A5CF454244A258A00E98022 /* AppDelegate.swift in Sources */,
				2AEC692C248ACD8300646CD4 /* AreaTableViewCell.swift in Sources */,
				2AEC6928248ACD8300646CD4 /* SearchViewHeader.swift in Sources */,
				2AEC6938248ACD8300646CD4 /* FlowInputViewController.swift in Sources */,
				2AEC692F248ACD8300646CD4 /* UILabel+Accessibility.swift in Sources */,
				2AEC6923248ACD8300646CD4 /* Room.swift in Sources */,
				2AEC6936248ACD8300646CD4 /* OnboardingViewController.swift in Sources */,
				2AEC691F248ACD8300646CD4 /* ProtFlow.swift in Sources */,
				2AEC693B248ACD8300646CD4 /* AboutViewController.swift in Sources */,
				2AEC6920248ACD8300646CD4 /* TituloEtapaViewCell.swift in Sources */,
				2A5CF45E244A258A00E98022 /* AppAdm.xcdatamodeld in Sources */,
				2AEC6932248ACD8300646CD4 /* FlowFinalViewController.swift in Sources */,
				2AEC6935248ACD8300646CD4 /* FlowExtensiveContentViewController.swift in Sources */,
				2AEC693C248ACD8300646CD4 /* CreateRoomViewController.swift in Sources */,
				2AEC693A248ACD8300646CD4 /* NavigationControllerVC.swift in Sources */,
				2AEC6937248ACD8300646CD4 /* AreaViewController.swift in Sources */,
				2AEC6927248ACD8300646CD4 /* RoomTableViewCell.swift in Sources */,
				2AEC6924248ACD8300646CD4 /* InitialViewHeader.swift in Sources */,
				2AEC6922248ACD8300646CD4 /* RoomResponse.swift in Sources */,
				2A5CF456244A258A00E98022 /* SceneDelegate.swift in Sources */,
				2AEC692A248ACD8300646CD4 /* ProtocolTableViewCell.swift in Sources */,
				2AEC6931248ACD8300646CD4 /* FlowInitialViewController.swift in Sources */,
				2AEC6934248ACD8300646CD4 /* MainViewController.swift in Sources */,
				2AEC6939248ACD8300646CD4 /* FlowShortContentViewController.swift in Sources */,
			);
			runOnlyForDeploymentPostprocessing = 0;
		};
/* End PBXSourcesBuildPhase section */

/* Begin PBXVariantGroup section */
		2AEC68D0248ACD8300646CD4 /* LaunchScreen.storyboard */ = {
			isa = PBXVariantGroup;
			children = (
				2AEC68D1248ACD8300646CD4 /* Base */,
			);
			name = LaunchScreen.storyboard;
			sourceTree = "<group>";
		};
		2AEC68D2248ACD8300646CD4 /* Main.storyboard */ = {
			isa = PBXVariantGroup;
			children = (
				2AEC68D3248ACD8300646CD4 /* Base */,
			);
			name = Main.storyboard;
			sourceTree = "<group>";
		};
/* End PBXVariantGroup section */

/* Begin XCBuildConfiguration section */
		2A5CF465244A258C00E98022 /* Debug */ = {
			isa = XCBuildConfiguration;
			buildSettings = {
				ALWAYS_SEARCH_USER_PATHS = NO;
				CLANG_ANALYZER_NONNULL = YES;
				CLANG_ANALYZER_NUMBER_OBJECT_CONVERSION = YES_AGGRESSIVE;
				CLANG_CXX_LANGUAGE_STANDARD = "gnu++14";
				CLANG_CXX_LIBRARY = "libc++";
				CLANG_ENABLE_MODULES = YES;
				CLANG_ENABLE_OBJC_ARC = YES;
				CLANG_ENABLE_OBJC_WEAK = YES;
				CLANG_WARN_BLOCK_CAPTURE_AUTORELEASING = YES;
				CLANG_WARN_BOOL_CONVERSION = YES;
				CLANG_WARN_COMMA = YES;
				CLANG_WARN_CONSTANT_CONVERSION = YES;
				CLANG_WARN_DEPRECATED_OBJC_IMPLEMENTATIONS = YES;
				CLANG_WARN_DIRECT_OBJC_ISA_USAGE = YES_ERROR;
				CLANG_WARN_DOCUMENTATION_COMMENTS = YES;
				CLANG_WARN_EMPTY_BODY = YES;
				CLANG_WARN_ENUM_CONVERSION = YES;
				CLANG_WARN_INFINITE_RECURSION = YES;
				CLANG_WARN_INT_CONVERSION = YES;
				CLANG_WARN_NON_LITERAL_NULL_CONVERSION = YES;
				CLANG_WARN_OBJC_IMPLICIT_RETAIN_SELF = YES;
				CLANG_WARN_OBJC_LITERAL_CONVERSION = YES;
				CLANG_WARN_OBJC_ROOT_CLASS = YES_ERROR;
				CLANG_WARN_RANGE_LOOP_ANALYSIS = YES;
				CLANG_WARN_STRICT_PROTOTYPES = YES;
				CLANG_WARN_SUSPICIOUS_MOVE = YES;
				CLANG_WARN_UNGUARDED_AVAILABILITY = YES_AGGRESSIVE;
				CLANG_WARN_UNREACHABLE_CODE = YES;
				CLANG_WARN__DUPLICATE_METHOD_MATCH = YES;
				COPY_PHASE_STRIP = NO;
				DEBUG_INFORMATION_FORMAT = dwarf;
				ENABLE_STRICT_OBJC_MSGSEND = YES;
				ENABLE_TESTABILITY = YES;
				GCC_C_LANGUAGE_STANDARD = gnu11;
				GCC_DYNAMIC_NO_PIC = NO;
				GCC_NO_COMMON_BLOCKS = YES;
				GCC_OPTIMIZATION_LEVEL = 0;
				GCC_PREPROCESSOR_DEFINITIONS = (
					"DEBUG=1",
					"$(inherited)",
				);
				GCC_WARN_64_TO_32_BIT_CONVERSION = YES;
				GCC_WARN_ABOUT_RETURN_TYPE = YES_ERROR;
				GCC_WARN_UNDECLARED_SELECTOR = YES;
				GCC_WARN_UNINITIALIZED_AUTOS = YES_AGGRESSIVE;
				GCC_WARN_UNUSED_FUNCTION = YES;
				GCC_WARN_UNUSED_VARIABLE = YES;
				IPHONEOS_DEPLOYMENT_TARGET = 13.4;
				MTL_ENABLE_DEBUG_INFO = INCLUDE_SOURCE;
				MTL_FAST_MATH = YES;
				ONLY_ACTIVE_ARCH = YES;
				SDKROOT = iphoneos;
				SWIFT_ACTIVE_COMPILATION_CONDITIONS = DEBUG;
				SWIFT_OPTIMIZATION_LEVEL = "-Onone";
			};
			name = Debug;
		};
		2A5CF466244A258C00E98022 /* Release */ = {
			isa = XCBuildConfiguration;
			buildSettings = {
				ALWAYS_SEARCH_USER_PATHS = NO;
				CLANG_ANALYZER_NONNULL = YES;
				CLANG_ANALYZER_NUMBER_OBJECT_CONVERSION = YES_AGGRESSIVE;
				CLANG_CXX_LANGUAGE_STANDARD = "gnu++14";
				CLANG_CXX_LIBRARY = "libc++";
				CLANG_ENABLE_MODULES = YES;
				CLANG_ENABLE_OBJC_ARC = YES;
				CLANG_ENABLE_OBJC_WEAK = YES;
				CLANG_WARN_BLOCK_CAPTURE_AUTORELEASING = YES;
				CLANG_WARN_BOOL_CONVERSION = YES;
				CLANG_WARN_COMMA = YES;
				CLANG_WARN_CONSTANT_CONVERSION = YES;
				CLANG_WARN_DEPRECATED_OBJC_IMPLEMENTATIONS = YES;
				CLANG_WARN_DIRECT_OBJC_ISA_USAGE = YES_ERROR;
				CLANG_WARN_DOCUMENTATION_COMMENTS = YES;
				CLANG_WARN_EMPTY_BODY = YES;
				CLANG_WARN_ENUM_CONVERSION = YES;
				CLANG_WARN_INFINITE_RECURSION = YES;
				CLANG_WARN_INT_CONVERSION = YES;
				CLANG_WARN_NON_LITERAL_NULL_CONVERSION = YES;
				CLANG_WARN_OBJC_IMPLICIT_RETAIN_SELF = YES;
				CLANG_WARN_OBJC_LITERAL_CONVERSION = YES;
				CLANG_WARN_OBJC_ROOT_CLASS = YES_ERROR;
				CLANG_WARN_RANGE_LOOP_ANALYSIS = YES;
				CLANG_WARN_STRICT_PROTOTYPES = YES;
				CLANG_WARN_SUSPICIOUS_MOVE = YES;
				CLANG_WARN_UNGUARDED_AVAILABILITY = YES_AGGRESSIVE;
				CLANG_WARN_UNREACHABLE_CODE = YES;
				CLANG_WARN__DUPLICATE_METHOD_MATCH = YES;
				COPY_PHASE_STRIP = NO;
				DEBUG_INFORMATION_FORMAT = "dwarf-with-dsym";
				ENABLE_NS_ASSERTIONS = NO;
				ENABLE_STRICT_OBJC_MSGSEND = YES;
				GCC_C_LANGUAGE_STANDARD = gnu11;
				GCC_NO_COMMON_BLOCKS = YES;
				GCC_WARN_64_TO_32_BIT_CONVERSION = YES;
				GCC_WARN_ABOUT_RETURN_TYPE = YES_ERROR;
				GCC_WARN_UNDECLARED_SELECTOR = YES;
				GCC_WARN_UNINITIALIZED_AUTOS = YES_AGGRESSIVE;
				GCC_WARN_UNUSED_FUNCTION = YES;
				GCC_WARN_UNUSED_VARIABLE = YES;
				IPHONEOS_DEPLOYMENT_TARGET = 13.4;
				MTL_ENABLE_DEBUG_INFO = NO;
				MTL_FAST_MATH = YES;
				SDKROOT = iphoneos;
				SWIFT_COMPILATION_MODE = wholemodule;
				SWIFT_OPTIMIZATION_LEVEL = "-O";
				VALIDATE_PRODUCT = YES;
			};
			name = Release;
		};
		2A5CF468244A258C00E98022 /* Debug */ = {
			isa = XCBuildConfiguration;
			baseConfigurationReference = 7EF566179D7C83FE4CD8B05C /* Pods-AppAdm.debug.xcconfig */;
			buildSettings = {
				ASSETCATALOG_COMPILER_APPICON_NAME = AppIcon;
				CODE_SIGN_STYLE = Automatic;
				DEVELOPMENT_TEAM = 5PT75G5CA6;
				INFOPLIST_FILE = AppAdm/Info.plist;
				LD_RUNPATH_SEARCH_PATHS = (
					"$(inherited)",
					"@executable_path/Frameworks",
				);
				PRODUCT_BUNDLE_IDENTIFIER = gabrielferreira.AppAdm;
				PRODUCT_NAME = "$(TARGET_NAME)";
				SWIFT_VERSION = 5.0;
				TARGETED_DEVICE_FAMILY = 1;
			};
			name = Debug;
		};
		2A5CF469244A258C00E98022 /* Release */ = {
			isa = XCBuildConfiguration;
			baseConfigurationReference = B251DA43C74DC35F19B9FED4 /* Pods-AppAdm.release.xcconfig */;
			buildSettings = {
				ASSETCATALOG_COMPILER_APPICON_NAME = AppIcon;
				CODE_SIGN_STYLE = Automatic;
				DEVELOPMENT_TEAM = 5PT75G5CA6;
				INFOPLIST_FILE = AppAdm/Info.plist;
				LD_RUNPATH_SEARCH_PATHS = (
					"$(inherited)",
					"@executable_path/Frameworks",
				);
				PRODUCT_BUNDLE_IDENTIFIER = gabrielferreira.AppAdm;
				PRODUCT_NAME = "$(TARGET_NAME)";
				SWIFT_VERSION = 5.0;
				TARGETED_DEVICE_FAMILY = 1;
			};
			name = Release;
		};
/* End XCBuildConfiguration section */

/* Begin XCConfigurationList section */
		2A5CF44B244A258A00E98022 /* Build configuration list for PBXProject "AppAdm" */ = {
			isa = XCConfigurationList;
			buildConfigurations = (
				2A5CF465244A258C00E98022 /* Debug */,
				2A5CF466244A258C00E98022 /* Release */,
			);
			defaultConfigurationIsVisible = 0;
			defaultConfigurationName = Release;
		};
		2A5CF467244A258C00E98022 /* Build configuration list for PBXNativeTarget "AppAdm" */ = {
			isa = XCConfigurationList;
			buildConfigurations = (
				2A5CF468244A258C00E98022 /* Debug */,
				2A5CF469244A258C00E98022 /* Release */,
			);
			defaultConfigurationIsVisible = 0;
			defaultConfigurationName = Release;
		};
/* End XCConfigurationList section */

/* Begin XCVersionGroup section */
		2A5CF45C244A258A00E98022 /* AppAdm.xcdatamodeld */ = {
			isa = XCVersionGroup;
			children = (
				2A5CF45D244A258A00E98022 /* AppAdm.xcdatamodel */,
			);
			currentVersion = 2A5CF45D244A258A00E98022 /* AppAdm.xcdatamodel */;
			path = AppAdm.xcdatamodeld;
			sourceTree = "<group>";
			versionGroupType = wrapper.xcdatamodel;
		};
/* End XCVersionGroup section */
	};
	rootObject = 2A5CF448244A258A00E98022 /* Project object */;
}
